// !$*UTF8*$!
{
	archiveVersion = 1;
	classes = {
	};
	objectVersion = 46;
	objects = {

/* Begin PBXBuildFile section */
		D666571B1AB40BC20021AD37 /* monsterballnew.png in Resources */ = {isa = PBXBuildFile; fileRef = D666571A1AB40BC20021AD37 /* monsterballnew.png */; };
		D666571F1AB40FC40021AD37 /* gacha2.png in Resources */ = {isa = PBXBuildFile; fileRef = D666571E1AB40FC40021AD37 /* gacha2.png */; };
		D66657211AB442BB0021AD37 /* gacha0.jpg in Resources */ = {isa = PBXBuildFile; fileRef = D66657201AB442BA0021AD37 /* gacha0.jpg */; };
		D66657231AB443530021AD37 /* gacha1.png in Resources */ = {isa = PBXBuildFile; fileRef = D66657221AB443530021AD37 /* gacha1.png */; };
		D69AFFA71AB3B44700E4126E /* zukananime.jpeg in Resources */ = {isa = PBXBuildFile; fileRef = D69AFFA61AB3B44700E4126E /* zukananime.jpeg */; };
		D69AFFA91AB3C07F00E4126E /* zukananime.png in Resources */ = {isa = PBXBuildFile; fileRef = D69AFFA81AB3C07F00E4126E /* zukananime.png */; };
		D69AFFAB1AB3C36B00E4126E /* zukanViewController.swift in Sources */ = {isa = PBXBuildFile; fileRef = D69AFFAA1AB3C36B00E4126E /* zukanViewController.swift */; };
		D69AFFB21AB3E2FF00E4126E /* CustomCell.swift in Sources */ = {isa = PBXBuildFile; fileRef = D69AFFB11AB3E2FF00E4126E /* CustomCell.swift */; };
		D6AD2E221AAC85AE00F7F8A5 /* 1.gif in Resources */ = {isa = PBXBuildFile; fileRef = D6AD2D8A1AAC85AE00F7F8A5 /* 1.gif */; };
		D6AD2E231AAC85AE00F7F8A5 /* 2.gif in Resources */ = {isa = PBXBuildFile; fileRef = D6AD2D8B1AAC85AE00F7F8A5 /* 2.gif */; };
		D6AD2E241AAC85AE00F7F8A5 /* 3.gif in Resources */ = {isa = PBXBuildFile; fileRef = D6AD2D8C1AAC85AE00F7F8A5 /* 3.gif */; };
		D6AD2E251AAC85AE00F7F8A5 /* 4.gif in Resources */ = {isa = PBXBuildFile; fileRef = D6AD2D8D1AAC85AE00F7F8A5 /* 4.gif */; };
		D6AD2E261AAC85AE00F7F8A5 /* 5.gif in Resources */ = {isa = PBXBuildFile; fileRef = D6AD2D8E1AAC85AE00F7F8A5 /* 5.gif */; };
		D6AD2E271AAC85AE00F7F8A5 /* 6.gif in Resources */ = {isa = PBXBuildFile; fileRef = D6AD2D8F1AAC85AE00F7F8A5 /* 6.gif */; };
		D6AD2E281AAC85AE00F7F8A5 /* 7.gif in Resources */ = {isa = PBXBuildFile; fileRef = D6AD2D901AAC85AE00F7F8A5 /* 7.gif */; };
		D6AD2E291AAC85AE00F7F8A5 /* 8.gif in Resources */ = {isa = PBXBuildFile; fileRef = D6AD2D911AAC85AE00F7F8A5 /* 8.gif */; };
		D6AD2E2A1AAC85AE00F7F8A5 /* 9.gif in Resources */ = {isa = PBXBuildFile; fileRef = D6AD2D921AAC85AE00F7F8A5 /* 9.gif */; };
		D6AD2E2B1AAC85AE00F7F8A5 /* 10.gif in Resources */ = {isa = PBXBuildFile; fileRef = D6AD2D931AAC85AE00F7F8A5 /* 10.gif */; };
		D6AD2E2C1AAC85AE00F7F8A5 /* 11.gif in Resources */ = {isa = PBXBuildFile; fileRef = D6AD2D941AAC85AE00F7F8A5 /* 11.gif */; };
		D6AD2E2D1AAC85AE00F7F8A5 /* 12.gif in Resources */ = {isa = PBXBuildFile; fileRef = D6AD2D951AAC85AE00F7F8A5 /* 12.gif */; };
		D6AD2E2E1AAC85AE00F7F8A5 /* 13.gif in Resources */ = {isa = PBXBuildFile; fileRef = D6AD2D961AAC85AE00F7F8A5 /* 13.gif */; };
		D6AD2E2F1AAC85AE00F7F8A5 /* 14.gif in Resources */ = {isa = PBXBuildFile; fileRef = D6AD2D971AAC85AE00F7F8A5 /* 14.gif */; };
		D6AD2E301AAC85AE00F7F8A5 /* 15.gif in Resources */ = {isa = PBXBuildFile; fileRef = D6AD2D981AAC85AE00F7F8A5 /* 15.gif */; };
		D6AD2E311AAC85AE00F7F8A5 /* 16.gif in Resources */ = {isa = PBXBuildFile; fileRef = D6AD2D991AAC85AE00F7F8A5 /* 16.gif */; };
		D6AD2E321AAC85AE00F7F8A5 /* 17.gif in Resources */ = {isa = PBXBuildFile; fileRef = D6AD2D9A1AAC85AE00F7F8A5 /* 17.gif */; };
		D6AD2E331AAC85AE00F7F8A5 /* 18.gif in Resources */ = {isa = PBXBuildFile; fileRef = D6AD2D9B1AAC85AE00F7F8A5 /* 18.gif */; };
		D6AD2E341AAC85AE00F7F8A5 /* 19.gif in Resources */ = {isa = PBXBuildFile; fileRef = D6AD2D9C1AAC85AE00F7F8A5 /* 19.gif */; };
		D6AD2E351AAC85AE00F7F8A5 /* 20.gif in Resources */ = {isa = PBXBuildFile; fileRef = D6AD2D9D1AAC85AE00F7F8A5 /* 20.gif */; };
		D6AD2E361AAC85AE00F7F8A5 /* 21.gif in Resources */ = {isa = PBXBuildFile; fileRef = D6AD2D9E1AAC85AE00F7F8A5 /* 21.gif */; };
		D6AD2E371AAC85AE00F7F8A5 /* 22.gif in Resources */ = {isa = PBXBuildFile; fileRef = D6AD2D9F1AAC85AE00F7F8A5 /* 22.gif */; };
		D6AD2E381AAC85AE00F7F8A5 /* 23.gif in Resources */ = {isa = PBXBuildFile; fileRef = D6AD2DA01AAC85AE00F7F8A5 /* 23.gif */; };
		D6AD2E391AAC85AE00F7F8A5 /* 24.gif in Resources */ = {isa = PBXBuildFile; fileRef = D6AD2DA11AAC85AE00F7F8A5 /* 24.gif */; };
		D6AD2E3A1AAC85AE00F7F8A5 /* 25.gif in Resources */ = {isa = PBXBuildFile; fileRef = D6AD2DA21AAC85AE00F7F8A5 /* 25.gif */; };
		D6AD2E3B1AAC85AE00F7F8A5 /* 26.gif in Resources */ = {isa = PBXBuildFile; fileRef = D6AD2DA31AAC85AE00F7F8A5 /* 26.gif */; };
		D6AD2E3C1AAC85AE00F7F8A5 /* 27.gif in Resources */ = {isa = PBXBuildFile; fileRef = D6AD2DA41AAC85AE00F7F8A5 /* 27.gif */; };
		D6AD2E3D1AAC85AE00F7F8A5 /* 28.gif in Resources */ = {isa = PBXBuildFile; fileRef = D6AD2DA51AAC85AE00F7F8A5 /* 28.gif */; };
		D6AD2E3E1AAC85AE00F7F8A5 /* 29.gif in Resources */ = {isa = PBXBuildFile; fileRef = D6AD2DA61AAC85AE00F7F8A5 /* 29.gif */; };
		D6AD2E3F1AAC85AE00F7F8A5 /* 30.gif in Resources */ = {isa = PBXBuildFile; fileRef = D6AD2DA71AAC85AE00F7F8A5 /* 30.gif */; };
		D6AD2E401AAC85AE00F7F8A5 /* 31.gif in Resources */ = {isa = PBXBuildFile; fileRef = D6AD2DA81AAC85AE00F7F8A5 /* 31.gif */; };
		D6AD2E411AAC85AE00F7F8A5 /* 32.gif in Resources */ = {isa = PBXBuildFile; fileRef = D6AD2DA91AAC85AE00F7F8A5 /* 32.gif */; };
		D6AD2E421AAC85AE00F7F8A5 /* 33.gif in Resources */ = {isa = PBXBuildFile; fileRef = D6AD2DAA1AAC85AE00F7F8A5 /* 33.gif */; };
		D6AD2E431AAC85AE00F7F8A5 /* 34.gif in Resources */ = {isa = PBXBuildFile; fileRef = D6AD2DAB1AAC85AE00F7F8A5 /* 34.gif */; };
		D6AD2E441AAC85AE00F7F8A5 /* 35.gif in Resources */ = {isa = PBXBuildFile; fileRef = D6AD2DAC1AAC85AE00F7F8A5 /* 35.gif */; };
		D6AD2E451AAC85AE00F7F8A5 /* 36.gif in Resources */ = {isa = PBXBuildFile; fileRef = D6AD2DAD1AAC85AE00F7F8A5 /* 36.gif */; };
		D6AD2E461AAC85AE00F7F8A5 /* 37.gif in Resources */ = {isa = PBXBuildFile; fileRef = D6AD2DAE1AAC85AE00F7F8A5 /* 37.gif */; };
		D6AD2E471AAC85AE00F7F8A5 /* 38.gif in Resources */ = {isa = PBXBuildFile; fileRef = D6AD2DAF1AAC85AE00F7F8A5 /* 38.gif */; };
		D6AD2E481AAC85AE00F7F8A5 /* 39.gif in Resources */ = {isa = PBXBuildFile; fileRef = D6AD2DB01AAC85AE00F7F8A5 /* 39.gif */; };
		D6AD2E491AAC85AE00F7F8A5 /* 40.gif in Resources */ = {isa = PBXBuildFile; fileRef = D6AD2DB11AAC85AE00F7F8A5 /* 40.gif */; };
		D6AD2E4A1AAC85AE00F7F8A5 /* 41.gif in Resources */ = {isa = PBXBuildFile; fileRef = D6AD2DB21AAC85AE00F7F8A5 /* 41.gif */; };
		D6AD2E4B1AAC85AE00F7F8A5 /* 42.gif in Resources */ = {isa = PBXBuildFile; fileRef = D6AD2DB31AAC85AE00F7F8A5 /* 42.gif */; };
		D6AD2E4C1AAC85AE00F7F8A5 /* 43.gif in Resources */ = {isa = PBXBuildFile; fileRef = D6AD2DB41AAC85AE00F7F8A5 /* 43.gif */; };
		D6AD2E4D1AAC85AE00F7F8A5 /* 44.gif in Resources */ = {isa = PBXBuildFile; fileRef = D6AD2DB51AAC85AE00F7F8A5 /* 44.gif */; };
		D6AD2E4E1AAC85AE00F7F8A5 /* 45.gif in Resources */ = {isa = PBXBuildFile; fileRef = D6AD2DB61AAC85AE00F7F8A5 /* 45.gif */; };
		D6AD2E4F1AAC85AE00F7F8A5 /* 46.gif in Resources */ = {isa = PBXBuildFile; fileRef = D6AD2DB71AAC85AE00F7F8A5 /* 46.gif */; };
		D6AD2E501AAC85AE00F7F8A5 /* 47.gif in Resources */ = {isa = PBXBuildFile; fileRef = D6AD2DB81AAC85AE00F7F8A5 /* 47.gif */; };
		D6AD2E511AAC85AE00F7F8A5 /* 48.gif in Resources */ = {isa = PBXBuildFile; fileRef = D6AD2DB91AAC85AE00F7F8A5 /* 48.gif */; };
		D6AD2E521AAC85AE00F7F8A5 /* 49.gif in Resources */ = {isa = PBXBuildFile; fileRef = D6AD2DBA1AAC85AE00F7F8A5 /* 49.gif */; };
		D6AD2E531AAC85AE00F7F8A5 /* 50.gif in Resources */ = {isa = PBXBuildFile; fileRef = D6AD2DBB1AAC85AE00F7F8A5 /* 50.gif */; };
		D6AD2E541AAC85AE00F7F8A5 /* 51.gif in Resources */ = {isa = PBXBuildFile; fileRef = D6AD2DBC1AAC85AE00F7F8A5 /* 51.gif */; };
		D6AD2E551AAC85AE00F7F8A5 /* 52.gif in Resources */ = {isa = PBXBuildFile; fileRef = D6AD2DBD1AAC85AE00F7F8A5 /* 52.gif */; };
		D6AD2E561AAC85AE00F7F8A5 /* 53.gif in Resources */ = {isa = PBXBuildFile; fileRef = D6AD2DBE1AAC85AE00F7F8A5 /* 53.gif */; };
		D6AD2E571AAC85AE00F7F8A5 /* 54.gif in Resources */ = {isa = PBXBuildFile; fileRef = D6AD2DBF1AAC85AE00F7F8A5 /* 54.gif */; };
		D6AD2E591AAC85AE00F7F8A5 /* 55.gif in Resources */ = {isa = PBXBuildFile; fileRef = D6AD2DC11AAC85AE00F7F8A5 /* 55.gif */; };
		D6AD2E5A1AAC85AE00F7F8A5 /* 56.gif in Resources */ = {isa = PBXBuildFile; fileRef = D6AD2DC21AAC85AE00F7F8A5 /* 56.gif */; };
		D6AD2E5B1AAC85AE00F7F8A5 /* 57.gif in Resources */ = {isa = PBXBuildFile; fileRef = D6AD2DC31AAC85AE00F7F8A5 /* 57.gif */; };
		D6AD2E5C1AAC85AE00F7F8A5 /* 58.gif in Resources */ = {isa = PBXBuildFile; fileRef = D6AD2DC41AAC85AE00F7F8A5 /* 58.gif */; };
		D6AD2E5D1AAC85AE00F7F8A5 /* 59.gif in Resources */ = {isa = PBXBuildFile; fileRef = D6AD2DC51AAC85AE00F7F8A5 /* 59.gif */; };
		D6AD2E5E1AAC85AE00F7F8A5 /* 60.gif in Resources */ = {isa = PBXBuildFile; fileRef = D6AD2DC61AAC85AE00F7F8A5 /* 60.gif */; };
		D6AD2E5F1AAC85AE00F7F8A5 /* 61.gif in Resources */ = {isa = PBXBuildFile; fileRef = D6AD2DC71AAC85AE00F7F8A5 /* 61.gif */; };
		D6AD2E601AAC85AE00F7F8A5 /* 62.gif in Resources */ = {isa = PBXBuildFile; fileRef = D6AD2DC81AAC85AE00F7F8A5 /* 62.gif */; };
		D6AD2E611AAC85AE00F7F8A5 /* 63.gif in Resources */ = {isa = PBXBuildFile; fileRef = D6AD2DC91AAC85AE00F7F8A5 /* 63.gif */; };
		D6AD2E621AAC85AE00F7F8A5 /* 64.gif in Resources */ = {isa = PBXBuildFile; fileRef = D6AD2DCA1AAC85AE00F7F8A5 /* 64.gif */; };
		D6AD2E631AAC85AE00F7F8A5 /* 65.gif in Resources */ = {isa = PBXBuildFile; fileRef = D6AD2DCB1AAC85AE00F7F8A5 /* 65.gif */; };
		D6AD2E641AAC85AE00F7F8A5 /* 66.gif in Resources */ = {isa = PBXBuildFile; fileRef = D6AD2DCC1AAC85AE00F7F8A5 /* 66.gif */; };
		D6AD2E651AAC85AE00F7F8A5 /* 67.gif in Resources */ = {isa = PBXBuildFile; fileRef = D6AD2DCD1AAC85AE00F7F8A5 /* 67.gif */; };
		D6AD2E661AAC85AE00F7F8A5 /* 68.gif in Resources */ = {isa = PBXBuildFile; fileRef = D6AD2DCE1AAC85AE00F7F8A5 /* 68.gif */; };
		D6AD2E671AAC85AE00F7F8A5 /* 69.gif in Resources */ = {isa = PBXBuildFile; fileRef = D6AD2DCF1AAC85AE00F7F8A5 /* 69.gif */; };
		D6AD2E681AAC85AE00F7F8A5 /* 70.gif in Resources */ = {isa = PBXBuildFile; fileRef = D6AD2DD01AAC85AE00F7F8A5 /* 70.gif */; };
		D6AD2E691AAC85AE00F7F8A5 /* 71.gif in Resources */ = {isa = PBXBuildFile; fileRef = D6AD2DD11AAC85AE00F7F8A5 /* 71.gif */; };
		D6AD2E6A1AAC85AE00F7F8A5 /* 72.gif in Resources */ = {isa = PBXBuildFile; fileRef = D6AD2DD21AAC85AE00F7F8A5 /* 72.gif */; };
		D6AD2E6B1AAC85AE00F7F8A5 /* 73.gif in Resources */ = {isa = PBXBuildFile; fileRef = D6AD2DD31AAC85AE00F7F8A5 /* 73.gif */; };
		D6AD2E6C1AAC85AE00F7F8A5 /* 74.gif in Resources */ = {isa = PBXBuildFile; fileRef = D6AD2DD41AAC85AE00F7F8A5 /* 74.gif */; };
		D6AD2E6D1AAC85AE00F7F8A5 /* 75.gif in Resources */ = {isa = PBXBuildFile; fileRef = D6AD2DD51AAC85AE00F7F8A5 /* 75.gif */; };
		D6AD2E6E1AAC85AE00F7F8A5 /* 76.gif in Resources */ = {isa = PBXBuildFile; fileRef = D6AD2DD61AAC85AE00F7F8A5 /* 76.gif */; };
		D6AD2E6F1AAC85AE00F7F8A5 /* 77.gif in Resources */ = {isa = PBXBuildFile; fileRef = D6AD2DD71AAC85AE00F7F8A5 /* 77.gif */; };
		D6AD2E701AAC85AE00F7F8A5 /* 78.gif in Resources */ = {isa = PBXBuildFile; fileRef = D6AD2DD81AAC85AE00F7F8A5 /* 78.gif */; };
		D6AD2E711AAC85AE00F7F8A5 /* 79.gif in Resources */ = {isa = PBXBuildFile; fileRef = D6AD2DD91AAC85AE00F7F8A5 /* 79.gif */; };
		D6AD2E721AAC85AE00F7F8A5 /* 80.gif in Resources */ = {isa = PBXBuildFile; fileRef = D6AD2DDA1AAC85AE00F7F8A5 /* 80.gif */; };
		D6AD2E731AAC85AE00F7F8A5 /* 81.gif in Resources */ = {isa = PBXBuildFile; fileRef = D6AD2DDB1AAC85AE00F7F8A5 /* 81.gif */; };
		D6AD2E741AAC85AE00F7F8A5 /* 82.gif in Resources */ = {isa = PBXBuildFile; fileRef = D6AD2DDC1AAC85AE00F7F8A5 /* 82.gif */; };
		D6AD2E751AAC85AE00F7F8A5 /* 83.gif in Resources */ = {isa = PBXBuildFile; fileRef = D6AD2DDD1AAC85AE00F7F8A5 /* 83.gif */; };
		D6AD2E761AAC85AE00F7F8A5 /* 84.gif in Resources */ = {isa = PBXBuildFile; fileRef = D6AD2DDE1AAC85AE00F7F8A5 /* 84.gif */; };
		D6AD2E771AAC85AE00F7F8A5 /* 85.gif in Resources */ = {isa = PBXBuildFile; fileRef = D6AD2DDF1AAC85AE00F7F8A5 /* 85.gif */; };
		D6AD2E781AAC85AE00F7F8A5 /* 86.gif in Resources */ = {isa = PBXBuildFile; fileRef = D6AD2DE01AAC85AE00F7F8A5 /* 86.gif */; };
		D6AD2E791AAC85AE00F7F8A5 /* 87.gif in Resources */ = {isa = PBXBuildFile; fileRef = D6AD2DE11AAC85AE00F7F8A5 /* 87.gif */; };
		D6AD2E7A1AAC85AE00F7F8A5 /* 88.gif in Resources */ = {isa = PBXBuildFile; fileRef = D6AD2DE21AAC85AE00F7F8A5 /* 88.gif */; };
		D6AD2E7B1AAC85AE00F7F8A5 /* 89.gif in Resources */ = {isa = PBXBuildFile; fileRef = D6AD2DE31AAC85AE00F7F8A5 /* 89.gif */; };
		D6AD2E7C1AAC85AE00F7F8A5 /* 90.gif in Resources */ = {isa = PBXBuildFile; fileRef = D6AD2DE41AAC85AE00F7F8A5 /* 90.gif */; };
		D6AD2E7D1AAC85AE00F7F8A5 /* 91.gif in Resources */ = {isa = PBXBuildFile; fileRef = D6AD2DE51AAC85AE00F7F8A5 /* 91.gif */; };
		D6AD2E7E1AAC85AE00F7F8A5 /* 92.gif in Resources */ = {isa = PBXBuildFile; fileRef = D6AD2DE61AAC85AE00F7F8A5 /* 92.gif */; };
		D6AD2E7F1AAC85AE00F7F8A5 /* 93.gif in Resources */ = {isa = PBXBuildFile; fileRef = D6AD2DE71AAC85AE00F7F8A5 /* 93.gif */; };
		D6AD2E801AAC85AE00F7F8A5 /* 94.gif in Resources */ = {isa = PBXBuildFile; fileRef = D6AD2DE81AAC85AE00F7F8A5 /* 94.gif */; };
		D6AD2E811AAC85AE00F7F8A5 /* 95.gif in Resources */ = {isa = PBXBuildFile; fileRef = D6AD2DE91AAC85AE00F7F8A5 /* 95.gif */; };
		D6AD2E821AAC85AE00F7F8A5 /* 96.gif in Resources */ = {isa = PBXBuildFile; fileRef = D6AD2DEA1AAC85AE00F7F8A5 /* 96.gif */; };
		D6AD2E831AAC85AE00F7F8A5 /* 97.gif in Resources */ = {isa = PBXBuildFile; fileRef = D6AD2DEB1AAC85AE00F7F8A5 /* 97.gif */; };
		D6AD2E841AAC85AE00F7F8A5 /* 98.gif in Resources */ = {isa = PBXBuildFile; fileRef = D6AD2DEC1AAC85AE00F7F8A5 /* 98.gif */; };
		D6AD2E851AAC85AE00F7F8A5 /* 99.gif in Resources */ = {isa = PBXBuildFile; fileRef = D6AD2DED1AAC85AE00F7F8A5 /* 99.gif */; };
		D6AD2E861AAC85AE00F7F8A5 /* 100.gif in Resources */ = {isa = PBXBuildFile; fileRef = D6AD2DEE1AAC85AE00F7F8A5 /* 100.gif */; };
		D6AD2E871AAC85AE00F7F8A5 /* 101.gif in Resources */ = {isa = PBXBuildFile; fileRef = D6AD2DEF1AAC85AE00F7F8A5 /* 101.gif */; };
		D6AD2E881AAC85AE00F7F8A5 /* 102.gif in Resources */ = {isa = PBXBuildFile; fileRef = D6AD2DF01AAC85AE00F7F8A5 /* 102.gif */; };
		D6AD2E891AAC85AE00F7F8A5 /* 103.gif in Resources */ = {isa = PBXBuildFile; fileRef = D6AD2DF11AAC85AE00F7F8A5 /* 103.gif */; };
		D6AD2E8A1AAC85AE00F7F8A5 /* 104.gif in Resources */ = {isa = PBXBuildFile; fileRef = D6AD2DF21AAC85AE00F7F8A5 /* 104.gif */; };
		D6AD2E8B1AAC85AE00F7F8A5 /* 105.gif in Resources */ = {isa = PBXBuildFile; fileRef = D6AD2DF31AAC85AE00F7F8A5 /* 105.gif */; };
		D6AD2E8C1AAC85AE00F7F8A5 /* 106.gif in Resources */ = {isa = PBXBuildFile; fileRef = D6AD2DF41AAC85AE00F7F8A5 /* 106.gif */; };
		D6AD2E8D1AAC85AE00F7F8A5 /* 107.gif in Resources */ = {isa = PBXBuildFile; fileRef = D6AD2DF51AAC85AE00F7F8A5 /* 107.gif */; };
		D6AD2E8E1AAC85AE00F7F8A5 /* 108.gif in Resources */ = {isa = PBXBuildFile; fileRef = D6AD2DF61AAC85AE00F7F8A5 /* 108.gif */; };
		D6AD2E8F1AAC85AE00F7F8A5 /* 109.gif in Resources */ = {isa = PBXBuildFile; fileRef = D6AD2DF71AAC85AE00F7F8A5 /* 109.gif */; };
		D6AD2E901AAC85AE00F7F8A5 /* 110.gif in Resources */ = {isa = PBXBuildFile; fileRef = D6AD2DF81AAC85AE00F7F8A5 /* 110.gif */; };
		D6AD2E911AAC85AE00F7F8A5 /* 111.gif in Resources */ = {isa = PBXBuildFile; fileRef = D6AD2DF91AAC85AE00F7F8A5 /* 111.gif */; };
		D6AD2E921AAC85AE00F7F8A5 /* 112.gif in Resources */ = {isa = PBXBuildFile; fileRef = D6AD2DFA1AAC85AE00F7F8A5 /* 112.gif */; };
		D6AD2E931AAC85AE00F7F8A5 /* 113.gif in Resources */ = {isa = PBXBuildFile; fileRef = D6AD2DFB1AAC85AE00F7F8A5 /* 113.gif */; };
		D6AD2E941AAC85AE00F7F8A5 /* 114.gif in Resources */ = {isa = PBXBuildFile; fileRef = D6AD2DFC1AAC85AE00F7F8A5 /* 114.gif */; };
		D6AD2E951AAC85AE00F7F8A5 /* 115.gif in Resources */ = {isa = PBXBuildFile; fileRef = D6AD2DFD1AAC85AE00F7F8A5 /* 115.gif */; };
		D6AD2E961AAC85AE00F7F8A5 /* 116.gif in Resources */ = {isa = PBXBuildFile; fileRef = D6AD2DFE1AAC85AE00F7F8A5 /* 116.gif */; };
		D6AD2E971AAC85AE00F7F8A5 /* 117.gif in Resources */ = {isa = PBXBuildFile; fileRef = D6AD2DFF1AAC85AE00F7F8A5 /* 117.gif */; };
		D6AD2E981AAC85AE00F7F8A5 /* 118.gif in Resources */ = {isa = PBXBuildFile; fileRef = D6AD2E001AAC85AE00F7F8A5 /* 118.gif */; };
		D6AD2E991AAC85AE00F7F8A5 /* 119.gif in Resources */ = {isa = PBXBuildFile; fileRef = D6AD2E011AAC85AE00F7F8A5 /* 119.gif */; };
		D6AD2E9A1AAC85AE00F7F8A5 /* 120.gif in Resources */ = {isa = PBXBuildFile; fileRef = D6AD2E021AAC85AE00F7F8A5 /* 120.gif */; };
		D6AD2E9B1AAC85AE00F7F8A5 /* 121.gif in Resources */ = {isa = PBXBuildFile; fileRef = D6AD2E031AAC85AE00F7F8A5 /* 121.gif */; };
		D6AD2E9C1AAC85AE00F7F8A5 /* 122.gif in Resources */ = {isa = PBXBuildFile; fileRef = D6AD2E041AAC85AE00F7F8A5 /* 122.gif */; };
		D6AD2E9D1AAC85AE00F7F8A5 /* 123.gif in Resources */ = {isa = PBXBuildFile; fileRef = D6AD2E051AAC85AE00F7F8A5 /* 123.gif */; };
		D6AD2E9E1AAC85AE00F7F8A5 /* 124.gif in Resources */ = {isa = PBXBuildFile; fileRef = D6AD2E061AAC85AE00F7F8A5 /* 124.gif */; };
		D6AD2E9F1AAC85AE00F7F8A5 /* 125.gif in Resources */ = {isa = PBXBuildFile; fileRef = D6AD2E071AAC85AE00F7F8A5 /* 125.gif */; };
		D6AD2EA01AAC85AE00F7F8A5 /* 126.gif in Resources */ = {isa = PBXBuildFile; fileRef = D6AD2E081AAC85AE00F7F8A5 /* 126.gif */; };
		D6AD2EA11AAC85AE00F7F8A5 /* 127.gif in Resources */ = {isa = PBXBuildFile; fileRef = D6AD2E091AAC85AE00F7F8A5 /* 127.gif */; };
		D6AD2EA21AAC85AE00F7F8A5 /* 128.gif in Resources */ = {isa = PBXBuildFile; fileRef = D6AD2E0A1AAC85AE00F7F8A5 /* 128.gif */; };
		D6AD2EA31AAC85AE00F7F8A5 /* 129.gif in Resources */ = {isa = PBXBuildFile; fileRef = D6AD2E0B1AAC85AE00F7F8A5 /* 129.gif */; };
		D6AD2EA41AAC85AE00F7F8A5 /* 130.gif in Resources */ = {isa = PBXBuildFile; fileRef = D6AD2E0C1AAC85AE00F7F8A5 /* 130.gif */; };
		D6AD2EA51AAC85AE00F7F8A5 /* 131.gif in Resources */ = {isa = PBXBuildFile; fileRef = D6AD2E0D1AAC85AE00F7F8A5 /* 131.gif */; };
		D6AD2EA61AAC85AE00F7F8A5 /* 132.gif in Resources */ = {isa = PBXBuildFile; fileRef = D6AD2E0E1AAC85AE00F7F8A5 /* 132.gif */; };
		D6AD2EA71AAC85AE00F7F8A5 /* 133.gif in Resources */ = {isa = PBXBuildFile; fileRef = D6AD2E0F1AAC85AE00F7F8A5 /* 133.gif */; };
		D6AD2EA81AAC85AE00F7F8A5 /* 134.gif in Resources */ = {isa = PBXBuildFile; fileRef = D6AD2E101AAC85AE00F7F8A5 /* 134.gif */; };
		D6AD2EA91AAC85AE00F7F8A5 /* 135.gif in Resources */ = {isa = PBXBuildFile; fileRef = D6AD2E111AAC85AE00F7F8A5 /* 135.gif */; };
		D6AD2EAA1AAC85AE00F7F8A5 /* 136.gif in Resources */ = {isa = PBXBuildFile; fileRef = D6AD2E121AAC85AE00F7F8A5 /* 136.gif */; };
		D6AD2EAB1AAC85AE00F7F8A5 /* 137.gif in Resources */ = {isa = PBXBuildFile; fileRef = D6AD2E131AAC85AE00F7F8A5 /* 137.gif */; };
		D6AD2EAC1AAC85AE00F7F8A5 /* 138.gif in Resources */ = {isa = PBXBuildFile; fileRef = D6AD2E141AAC85AE00F7F8A5 /* 138.gif */; };
		D6AD2EAD1AAC85AE00F7F8A5 /* 139.gif in Resources */ = {isa = PBXBuildFile; fileRef = D6AD2E151AAC85AE00F7F8A5 /* 139.gif */; };
		D6AD2EAE1AAC85AE00F7F8A5 /* 140.gif in Resources */ = {isa = PBXBuildFile; fileRef = D6AD2E161AAC85AE00F7F8A5 /* 140.gif */; };
		D6AD2EAF1AAC85AE00F7F8A5 /* 141.gif in Resources */ = {isa = PBXBuildFile; fileRef = D6AD2E171AAC85AE00F7F8A5 /* 141.gif */; };
		D6AD2EB01AAC85AE00F7F8A5 /* 142.gif in Resources */ = {isa = PBXBuildFile; fileRef = D6AD2E181AAC85AE00F7F8A5 /* 142.gif */; };
		D6AD2EB11AAC85AE00F7F8A5 /* 143.gif in Resources */ = {isa = PBXBuildFile; fileRef = D6AD2E191AAC85AE00F7F8A5 /* 143.gif */; };
		D6AD2EB21AAC85AE00F7F8A5 /* 144.gif in Resources */ = {isa = PBXBuildFile; fileRef = D6AD2E1A1AAC85AE00F7F8A5 /* 144.gif */; };
		D6AD2EB31AAC85AE00F7F8A5 /* 145.gif in Resources */ = {isa = PBXBuildFile; fileRef = D6AD2E1B1AAC85AE00F7F8A5 /* 145.gif */; };
		D6AD2EB41AAC85AE00F7F8A5 /* 146.gif in Resources */ = {isa = PBXBuildFile; fileRef = D6AD2E1C1AAC85AE00F7F8A5 /* 146.gif */; };
		D6AD2EB51AAC85AE00F7F8A5 /* 147.gif in Resources */ = {isa = PBXBuildFile; fileRef = D6AD2E1D1AAC85AE00F7F8A5 /* 147.gif */; };
		D6AD2EB61AAC85AE00F7F8A5 /* 148.gif in Resources */ = {isa = PBXBuildFile; fileRef = D6AD2E1E1AAC85AE00F7F8A5 /* 148.gif */; };
		D6AD2EB71AAC85AE00F7F8A5 /* 149.gif in Resources */ = {isa = PBXBuildFile; fileRef = D6AD2E1F1AAC85AE00F7F8A5 /* 149.gif */; };
		D6AD2EB81AAC85AE00F7F8A5 /* 150.gif in Resources */ = {isa = PBXBuildFile; fileRef = D6AD2E201AAC85AE00F7F8A5 /* 150.gif */; };
		D6AD2EB91AAC85AE00F7F8A5 /* 151.gif in Resources */ = {isa = PBXBuildFile; fileRef = D6AD2E211AAC85AE00F7F8A5 /* 151.gif */; };
		D6AD2EBD1AAD317100F7F8A5 /* pokemonnzukannew.png in Resources */ = {isa = PBXBuildFile; fileRef = D6AD2EBC1AAD317100F7F8A5 /* pokemonnzukannew.png */; };
		D6DC06571AAC091A00855B26 /* AppDelegate.swift in Sources */ = {isa = PBXBuildFile; fileRef = D6DC06561AAC091A00855B26 /* AppDelegate.swift */; };
		D6DC06591AAC091A00855B26 /* ViewController.swift in Sources */ = {isa = PBXBuildFile; fileRef = D6DC06581AAC091A00855B26 /* ViewController.swift */; };
		D6DC065E1AAC091A00855B26 /* Images.xcassets in Resources */ = {isa = PBXBuildFile; fileRef = D6DC065D1AAC091A00855B26 /* Images.xcassets */; };
		D6DC06611AAC091A00855B26 /* LaunchScreen.xib in Resources */ = {isa = PBXBuildFile; fileRef = D6DC065F1AAC091A00855B26 /* LaunchScreen.xib */; };
		D6DC066D1AAC091A00855B26 /* pokemongacha_swift_Tests.swift in Sources */ = {isa = PBXBuildFile; fileRef = D6DC066C1AAC091A00855B26 /* pokemongacha_swift_Tests.swift */; };
		D6DC06811AAC222E00855B26 /* gachaViewController.swift in Sources */ = {isa = PBXBuildFile; fileRef = D6DC06801AAC222E00855B26 /* gachaViewController.swift */; };
		D6DC06851AAC26DD00855B26 /* pikachu.png in Resources */ = {isa = PBXBuildFile; fileRef = D6DC06841AAC26DD00855B26 /* pikachu.png */; };
		D6DC068B1AAC34DF00855B26 /* pokemon opening.png in Resources */ = {isa = PBXBuildFile; fileRef = D6DC06881AAC34DF00855B26 /* pokemon opening.png */; };
		D6DC06941AAC378B00855B26 /* BallViewController.swift in Sources */ = {isa = PBXBuildFile; fileRef = D6DC06931AAC378B00855B26 /* BallViewController.swift */; };
		D6F570E71AAD5E6300843F45 /* Main.storyboard in Resources */ = {isa = PBXBuildFile; fileRef = D6F570E61AAD5E6300843F45 /* Main.storyboard */; };
		D6F570E91AAD6C0E00843F45 /* 0.gif in Resources */ = {isa = PBXBuildFile; fileRef = D6F570E81AAD6C0D00843F45 /* 0.gif */; };
/* End PBXBuildFile section */

/* Begin PBXContainerItemProxy section */
		D6DC06671AAC091A00855B26 /* PBXContainerItemProxy */ = {
			isa = PBXContainerItemProxy;
			containerPortal = D6DC06491AAC091A00855B26 /* Project object */;
			proxyType = 1;
			remoteGlobalIDString = D6DC06501AAC091A00855B26;
			remoteInfo = "pokemongacha(swift)";
		};
/* End PBXContainerItemProxy section */

/* Begin PBXFileReference section */
		D666571A1AB40BC20021AD37 /* monsterballnew.png */ = {isa = PBXFileReference; lastKnownFileType = image.png; path = monsterballnew.png; sourceTree = "<group>"; };
		D666571E1AB40FC40021AD37 /* gacha2.png */ = {isa = PBXFileReference; lastKnownFileType = image.png; path = gacha2.png; sourceTree = "<group>"; };
		D66657201AB442BA0021AD37 /* gacha0.jpg */ = {isa = PBXFileReference; lastKnownFileType = image.jpeg; path = gacha0.jpg; sourceTree = "<group>"; };
		D66657221AB443530021AD37 /* gacha1.png */ = {isa = PBXFileReference; lastKnownFileType = image.png; path = gacha1.png; sourceTree = "<group>"; };
		D69AFFA61AB3B44700E4126E /* zukananime.jpeg */ = {isa = PBXFileReference; lastKnownFileType = image.jpeg; path = zukananime.jpeg; sourceTree = "<group>"; };
		D69AFFA81AB3C07F00E4126E /* zukananime.png */ = {isa = PBXFileReference; lastKnownFileType = image.png; path = zukananime.png; sourceTree = "<group>"; };
		D69AFFAA1AB3C36B00E4126E /* zukanViewController.swift */ = {isa = PBXFileReference; fileEncoding = 4; lastKnownFileType = sourcecode.swift; path = zukanViewController.swift; sourceTree = "<group>"; };
		D69AFFB11AB3E2FF00E4126E /* CustomCell.swift */ = {isa = PBXFileReference; fileEncoding = 4; lastKnownFileType = sourcecode.swift; path = CustomCell.swift; sourceTree = "<group>"; };
		D6AD2D8A1AAC85AE00F7F8A5 /* 1.gif */ = {isa = PBXFileReference; lastKnownFileType = image.gif; path = 1.gif; sourceTree = "<group>"; };
		D6AD2D8B1AAC85AE00F7F8A5 /* 2.gif */ = {isa = PBXFileReference; lastKnownFileType = image.gif; path = 2.gif; sourceTree = "<group>"; };
		D6AD2D8C1AAC85AE00F7F8A5 /* 3.gif */ = {isa = PBXFileReference; lastKnownFileType = image.gif; path = 3.gif; sourceTree = "<group>"; };
		D6AD2D8D1AAC85AE00F7F8A5 /* 4.gif */ = {isa = PBXFileReference; lastKnownFileType = image.gif; path = 4.gif; sourceTree = "<group>"; };
		D6AD2D8E1AAC85AE00F7F8A5 /* 5.gif */ = {isa = PBXFileReference; lastKnownFileType = image.gif; path = 5.gif; sourceTree = "<group>"; };
		D6AD2D8F1AAC85AE00F7F8A5 /* 6.gif */ = {isa = PBXFileReference; lastKnownFileType = image.gif; path = 6.gif; sourceTree = "<group>"; };
		D6AD2D901AAC85AE00F7F8A5 /* 7.gif */ = {isa = PBXFileReference; lastKnownFileType = image.gif; path = 7.gif; sourceTree = "<group>"; };
		D6AD2D911AAC85AE00F7F8A5 /* 8.gif */ = {isa = PBXFileReference; lastKnownFileType = image.gif; path = 8.gif; sourceTree = "<group>"; };
		D6AD2D921AAC85AE00F7F8A5 /* 9.gif */ = {isa = PBXFileReference; lastKnownFileType = image.gif; path = 9.gif; sourceTree = "<group>"; };
		D6AD2D931AAC85AE00F7F8A5 /* 10.gif */ = {isa = PBXFileReference; lastKnownFileType = image.gif; path = 10.gif; sourceTree = "<group>"; };
		D6AD2D941AAC85AE00F7F8A5 /* 11.gif */ = {isa = PBXFileReference; lastKnownFileType = image.gif; path = 11.gif; sourceTree = "<group>"; };
		D6AD2D951AAC85AE00F7F8A5 /* 12.gif */ = {isa = PBXFileReference; lastKnownFileType = image.gif; path = 12.gif; sourceTree = "<group>"; };
		D6AD2D961AAC85AE00F7F8A5 /* 13.gif */ = {isa = PBXFileReference; lastKnownFileType = image.gif; path = 13.gif; sourceTree = "<group>"; };
		D6AD2D971AAC85AE00F7F8A5 /* 14.gif */ = {isa = PBXFileReference; lastKnownFileType = image.gif; path = 14.gif; sourceTree = "<group>"; };
		D6AD2D981AAC85AE00F7F8A5 /* 15.gif */ = {isa = PBXFileReference; lastKnownFileType = image.gif; path = 15.gif; sourceTree = "<group>"; };
		D6AD2D991AAC85AE00F7F8A5 /* 16.gif */ = {isa = PBXFileReference; lastKnownFileType = image.gif; path = 16.gif; sourceTree = "<group>"; };
		D6AD2D9A1AAC85AE00F7F8A5 /* 17.gif */ = {isa = PBXFileReference; lastKnownFileType = image.gif; path = 17.gif; sourceTree = "<group>"; };
		D6AD2D9B1AAC85AE00F7F8A5 /* 18.gif */ = {isa = PBXFileReference; lastKnownFileType = image.gif; path = 18.gif; sourceTree = "<group>"; };
		D6AD2D9C1AAC85AE00F7F8A5 /* 19.gif */ = {isa = PBXFileReference; lastKnownFileType = image.gif; path = 19.gif; sourceTree = "<group>"; };
		D6AD2D9D1AAC85AE00F7F8A5 /* 20.gif */ = {isa = PBXFileReference; lastKnownFileType = image.gif; path = 20.gif; sourceTree = "<group>"; };
		D6AD2D9E1AAC85AE00F7F8A5 /* 21.gif */ = {isa = PBXFileReference; lastKnownFileType = image.gif; path = 21.gif; sourceTree = "<group>"; };
		D6AD2D9F1AAC85AE00F7F8A5 /* 22.gif */ = {isa = PBXFileReference; lastKnownFileType = image.gif; path = 22.gif; sourceTree = "<group>"; };
		D6AD2DA01AAC85AE00F7F8A5 /* 23.gif */ = {isa = PBXFileReference; lastKnownFileType = image.gif; path = 23.gif; sourceTree = "<group>"; };
		D6AD2DA11AAC85AE00F7F8A5 /* 24.gif */ = {isa = PBXFileReference; lastKnownFileType = image.gif; path = 24.gif; sourceTree = "<group>"; };
		D6AD2DA21AAC85AE00F7F8A5 /* 25.gif */ = {isa = PBXFileReference; lastKnownFileType = image.gif; path = 25.gif; sourceTree = "<group>"; };
		D6AD2DA31AAC85AE00F7F8A5 /* 26.gif */ = {isa = PBXFileReference; lastKnownFileType = image.gif; path = 26.gif; sourceTree = "<group>"; };
		D6AD2DA41AAC85AE00F7F8A5 /* 27.gif */ = {isa = PBXFileReference; lastKnownFileType = image.gif; path = 27.gif; sourceTree = "<group>"; };
		D6AD2DA51AAC85AE00F7F8A5 /* 28.gif */ = {isa = PBXFileReference; lastKnownFileType = image.gif; path = 28.gif; sourceTree = "<group>"; };
		D6AD2DA61AAC85AE00F7F8A5 /* 29.gif */ = {isa = PBXFileReference; lastKnownFileType = image.gif; path = 29.gif; sourceTree = "<group>"; };
		D6AD2DA71AAC85AE00F7F8A5 /* 30.gif */ = {isa = PBXFileReference; lastKnownFileType = image.gif; path = 30.gif; sourceTree = "<group>"; };
		D6AD2DA81AAC85AE00F7F8A5 /* 31.gif */ = {isa = PBXFileReference; lastKnownFileType = image.gif; path = 31.gif; sourceTree = "<group>"; };
		D6AD2DA91AAC85AE00F7F8A5 /* 32.gif */ = {isa = PBXFileReference; lastKnownFileType = image.gif; path = 32.gif; sourceTree = "<group>"; };
		D6AD2DAA1AAC85AE00F7F8A5 /* 33.gif */ = {isa = PBXFileReference; lastKnownFileType = image.gif; path = 33.gif; sourceTree = "<group>"; };
		D6AD2DAB1AAC85AE00F7F8A5 /* 34.gif */ = {isa = PBXFileReference; lastKnownFileType = image.gif; path = 34.gif; sourceTree = "<group>"; };
		D6AD2DAC1AAC85AE00F7F8A5 /* 35.gif */ = {isa = PBXFileReference; lastKnownFileType = image.gif; path = 35.gif; sourceTree = "<group>"; };
		D6AD2DAD1AAC85AE00F7F8A5 /* 36.gif */ = {isa = PBXFileReference; lastKnownFileType = image.gif; path = 36.gif; sourceTree = "<group>"; };
		D6AD2DAE1AAC85AE00F7F8A5 /* 37.gif */ = {isa = PBXFileReference; lastKnownFileType = image.gif; path = 37.gif; sourceTree = "<group>"; };
		D6AD2DAF1AAC85AE00F7F8A5 /* 38.gif */ = {isa = PBXFileReference; lastKnownFileType = image.gif; path = 38.gif; sourceTree = "<group>"; };
		D6AD2DB01AAC85AE00F7F8A5 /* 39.gif */ = {isa = PBXFileReference; lastKnownFileType = image.gif; path = 39.gif; sourceTree = "<group>"; };
		D6AD2DB11AAC85AE00F7F8A5 /* 40.gif */ = {isa = PBXFileReference; lastKnownFileType = image.gif; path = 40.gif; sourceTree = "<group>"; };
		D6AD2DB21AAC85AE00F7F8A5 /* 41.gif */ = {isa = PBXFileReference; lastKnownFileType = image.gif; path = 41.gif; sourceTree = "<group>"; };
		D6AD2DB31AAC85AE00F7F8A5 /* 42.gif */ = {isa = PBXFileReference; lastKnownFileType = image.gif; path = 42.gif; sourceTree = "<group>"; };
		D6AD2DB41AAC85AE00F7F8A5 /* 43.gif */ = {isa = PBXFileReference; lastKnownFileType = image.gif; path = 43.gif; sourceTree = "<group>"; };
		D6AD2DB51AAC85AE00F7F8A5 /* 44.gif */ = {isa = PBXFileReference; lastKnownFileType = image.gif; path = 44.gif; sourceTree = "<group>"; };
		D6AD2DB61AAC85AE00F7F8A5 /* 45.gif */ = {isa = PBXFileReference; lastKnownFileType = image.gif; path = 45.gif; sourceTree = "<group>"; };
		D6AD2DB71AAC85AE00F7F8A5 /* 46.gif */ = {isa = PBXFileReference; lastKnownFileType = image.gif; path = 46.gif; sourceTree = "<group>"; };
		D6AD2DB81AAC85AE00F7F8A5 /* 47.gif */ = {isa = PBXFileReference; lastKnownFileType = image.gif; path = 47.gif; sourceTree = "<group>"; };
		D6AD2DB91AAC85AE00F7F8A5 /* 48.gif */ = {isa = PBXFileReference; lastKnownFileType = image.gif; path = 48.gif; sourceTree = "<group>"; };
		D6AD2DBA1AAC85AE00F7F8A5 /* 49.gif */ = {isa = PBXFileReference; lastKnownFileType = image.gif; path = 49.gif; sourceTree = "<group>"; };
		D6AD2DBB1AAC85AE00F7F8A5 /* 50.gif */ = {isa = PBXFileReference; lastKnownFileType = image.gif; path = 50.gif; sourceTree = "<group>"; };
		D6AD2DBC1AAC85AE00F7F8A5 /* 51.gif */ = {isa = PBXFileReference; lastKnownFileType = image.gif; path = 51.gif; sourceTree = "<group>"; };
		D6AD2DBD1AAC85AE00F7F8A5 /* 52.gif */ = {isa = PBXFileReference; lastKnownFileType = image.gif; path = 52.gif; sourceTree = "<group>"; };
		D6AD2DBE1AAC85AE00F7F8A5 /* 53.gif */ = {isa = PBXFileReference; lastKnownFileType = image.gif; path = 53.gif; sourceTree = "<group>"; };
		D6AD2DBF1AAC85AE00F7F8A5 /* 54.gif */ = {isa = PBXFileReference; lastKnownFileType = image.gif; path = 54.gif; sourceTree = "<group>"; };
		D6AD2DC11AAC85AE00F7F8A5 /* 55.gif */ = {isa = PBXFileReference; lastKnownFileType = image.gif; path = 55.gif; sourceTree = "<group>"; };
		D6AD2DC21AAC85AE00F7F8A5 /* 56.gif */ = {isa = PBXFileReference; lastKnownFileType = image.gif; path = 56.gif; sourceTree = "<group>"; };
		D6AD2DC31AAC85AE00F7F8A5 /* 57.gif */ = {isa = PBXFileReference; lastKnownFileType = image.gif; path = 57.gif; sourceTree = "<group>"; };
		D6AD2DC41AAC85AE00F7F8A5 /* 58.gif */ = {isa = PBXFileReference; lastKnownFileType = image.gif; path = 58.gif; sourceTree = "<group>"; };
		D6AD2DC51AAC85AE00F7F8A5 /* 59.gif */ = {isa = PBXFileReference; lastKnownFileType = image.gif; path = 59.gif; sourceTree = "<group>"; };
		D6AD2DC61AAC85AE00F7F8A5 /* 60.gif */ = {isa = PBXFileReference; lastKnownFileType = image.gif; path = 60.gif; sourceTree = "<group>"; };
		D6AD2DC71AAC85AE00F7F8A5 /* 61.gif */ = {isa = PBXFileReference; lastKnownFileType = image.gif; path = 61.gif; sourceTree = "<group>"; };
		D6AD2DC81AAC85AE00F7F8A5 /* 62.gif */ = {isa = PBXFileReference; lastKnownFileType = image.gif; path = 62.gif; sourceTree = "<group>"; };
		D6AD2DC91AAC85AE00F7F8A5 /* 63.gif */ = {isa = PBXFileReference; lastKnownFileType = image.gif; path = 63.gif; sourceTree = "<group>"; };
		D6AD2DCA1AAC85AE00F7F8A5 /* 64.gif */ = {isa = PBXFileReference; lastKnownFileType = image.gif; path = 64.gif; sourceTree = "<group>"; };
		D6AD2DCB1AAC85AE00F7F8A5 /* 65.gif */ = {isa = PBXFileReference; lastKnownFileType = image.gif; path = 65.gif; sourceTree = "<group>"; };
		D6AD2DCC1AAC85AE00F7F8A5 /* 66.gif */ = {isa = PBXFileReference; lastKnownFileType = image.gif; path = 66.gif; sourceTree = "<group>"; };
		D6AD2DCD1AAC85AE00F7F8A5 /* 67.gif */ = {isa = PBXFileReference; lastKnownFileType = image.gif; path = 67.gif; sourceTree = "<group>"; };
		D6AD2DCE1AAC85AE00F7F8A5 /* 68.gif */ = {isa = PBXFileReference; lastKnownFileType = image.gif; path = 68.gif; sourceTree = "<group>"; };
		D6AD2DCF1AAC85AE00F7F8A5 /* 69.gif */ = {isa = PBXFileReference; lastKnownFileType = image.gif; path = 69.gif; sourceTree = "<group>"; };
		D6AD2DD01AAC85AE00F7F8A5 /* 70.gif */ = {isa = PBXFileReference; lastKnownFileType = image.gif; path = 70.gif; sourceTree = "<group>"; };
		D6AD2DD11AAC85AE00F7F8A5 /* 71.gif */ = {isa = PBXFileReference; lastKnownFileType = image.gif; path = 71.gif; sourceTree = "<group>"; };
		D6AD2DD21AAC85AE00F7F8A5 /* 72.gif */ = {isa = PBXFileReference; lastKnownFileType = image.gif; path = 72.gif; sourceTree = "<group>"; };
		D6AD2DD31AAC85AE00F7F8A5 /* 73.gif */ = {isa = PBXFileReference; lastKnownFileType = image.gif; path = 73.gif; sourceTree = "<group>"; };
		D6AD2DD41AAC85AE00F7F8A5 /* 74.gif */ = {isa = PBXFileReference; lastKnownFileType = image.gif; path = 74.gif; sourceTree = "<group>"; };
		D6AD2DD51AAC85AE00F7F8A5 /* 75.gif */ = {isa = PBXFileReference; lastKnownFileType = image.gif; path = 75.gif; sourceTree = "<group>"; };
		D6AD2DD61AAC85AE00F7F8A5 /* 76.gif */ = {isa = PBXFileReference; lastKnownFileType = image.gif; path = 76.gif; sourceTree = "<group>"; };
		D6AD2DD71AAC85AE00F7F8A5 /* 77.gif */ = {isa = PBXFileReference; lastKnownFileType = image.gif; path = 77.gif; sourceTree = "<group>"; };
		D6AD2DD81AAC85AE00F7F8A5 /* 78.gif */ = {isa = PBXFileReference; lastKnownFileType = image.gif; path = 78.gif; sourceTree = "<group>"; };
		D6AD2DD91AAC85AE00F7F8A5 /* 79.gif */ = {isa = PBXFileReference; lastKnownFileType = image.gif; path = 79.gif; sourceTree = "<group>"; };
		D6AD2DDA1AAC85AE00F7F8A5 /* 80.gif */ = {isa = PBXFileReference; lastKnownFileType = image.gif; path = 80.gif; sourceTree = "<group>"; };
		D6AD2DDB1AAC85AE00F7F8A5 /* 81.gif */ = {isa = PBXFileReference; lastKnownFileType = image.gif; path = 81.gif; sourceTree = "<group>"; };
		D6AD2DDC1AAC85AE00F7F8A5 /* 82.gif */ = {isa = PBXFileReference; lastKnownFileType = image.gif; path = 82.gif; sourceTree = "<group>"; };
		D6AD2DDD1AAC85AE00F7F8A5 /* 83.gif */ = {isa = PBXFileReference; lastKnownFileType = image.gif; path = 83.gif; sourceTree = "<group>"; };
		D6AD2DDE1AAC85AE00F7F8A5 /* 84.gif */ = {isa = PBXFileReference; lastKnownFileType = image.gif; path = 84.gif; sourceTree = "<group>"; };
		D6AD2DDF1AAC85AE00F7F8A5 /* 85.gif */ = {isa = PBXFileReference; lastKnownFileType = image.gif; path = 85.gif; sourceTree = "<group>"; };
		D6AD2DE01AAC85AE00F7F8A5 /* 86.gif */ = {isa = PBXFileReference; lastKnownFileType = image.gif; path = 86.gif; sourceTree = "<group>"; };
		D6AD2DE11AAC85AE00F7F8A5 /* 87.gif */ = {isa = PBXFileReference; lastKnownFileType = image.gif; path = 87.gif; sourceTree = "<group>"; };
		D6AD2DE21AAC85AE00F7F8A5 /* 88.gif */ = {isa = PBXFileReference; lastKnownFileType = image.gif; path = 88.gif; sourceTree = "<group>"; };
		D6AD2DE31AAC85AE00F7F8A5 /* 89.gif */ = {isa = PBXFileReference; lastKnownFileType = image.gif; path = 89.gif; sourceTree = "<group>"; };
		D6AD2DE41AAC85AE00F7F8A5 /* 90.gif */ = {isa = PBXFileReference; lastKnownFileType = image.gif; path = 90.gif; sourceTree = "<group>"; };
		D6AD2DE51AAC85AE00F7F8A5 /* 91.gif */ = {isa = PBXFileReference; lastKnownFileType = image.gif; path = 91.gif; sourceTree = "<group>"; };
		D6AD2DE61AAC85AE00F7F8A5 /* 92.gif */ = {isa = PBXFileReference; lastKnownFileType = image.gif; path = 92.gif; sourceTree = "<group>"; };
		D6AD2DE71AAC85AE00F7F8A5 /* 93.gif */ = {isa = PBXFileReference; lastKnownFileType = image.gif; path = 93.gif; sourceTree = "<group>"; };
		D6AD2DE81AAC85AE00F7F8A5 /* 94.gif */ = {isa = PBXFileReference; lastKnownFileType = image.gif; path = 94.gif; sourceTree = "<group>"; };
		D6AD2DE91AAC85AE00F7F8A5 /* 95.gif */ = {isa = PBXFileReference; lastKnownFileType = image.gif; path = 95.gif; sourceTree = "<group>"; };
		D6AD2DEA1AAC85AE00F7F8A5 /* 96.gif */ = {isa = PBXFileReference; lastKnownFileType = image.gif; path = 96.gif; sourceTree = "<group>"; };
		D6AD2DEB1AAC85AE00F7F8A5 /* 97.gif */ = {isa = PBXFileReference; lastKnownFileType = image.gif; path = 97.gif; sourceTree = "<group>"; };
		D6AD2DEC1AAC85AE00F7F8A5 /* 98.gif */ = {isa = PBXFileReference; lastKnownFileType = image.gif; path = 98.gif; sourceTree = "<group>"; };
		D6AD2DED1AAC85AE00F7F8A5 /* 99.gif */ = {isa = PBXFileReference; lastKnownFileType = image.gif; path = 99.gif; sourceTree = "<group>"; };
		D6AD2DEE1AAC85AE00F7F8A5 /* 100.gif */ = {isa = PBXFileReference; lastKnownFileType = image.gif; path = 100.gif; sourceTree = "<group>"; };
		D6AD2DEF1AAC85AE00F7F8A5 /* 101.gif */ = {isa = PBXFileReference; lastKnownFileType = image.gif; path = 101.gif; sourceTree = "<group>"; };
		D6AD2DF01AAC85AE00F7F8A5 /* 102.gif */ = {isa = PBXFileReference; lastKnownFileType = image.gif; path = 102.gif; sourceTree = "<group>"; };
		D6AD2DF11AAC85AE00F7F8A5 /* 103.gif */ = {isa = PBXFileReference; lastKnownFileType = image.gif; path = 103.gif; sourceTree = "<group>"; };
		D6AD2DF21AAC85AE00F7F8A5 /* 104.gif */ = {isa = PBXFileReference; lastKnownFileType = image.gif; path = 104.gif; sourceTree = "<group>"; };
		D6AD2DF31AAC85AE00F7F8A5 /* 105.gif */ = {isa = PBXFileReference; lastKnownFileType = image.gif; path = 105.gif; sourceTree = "<group>"; };
		D6AD2DF41AAC85AE00F7F8A5 /* 106.gif */ = {isa = PBXFileReference; lastKnownFileType = image.gif; path = 106.gif; sourceTree = "<group>"; };
		D6AD2DF51AAC85AE00F7F8A5 /* 107.gif */ = {isa = PBXFileReference; lastKnownFileType = image.gif; path = 107.gif; sourceTree = "<group>"; };
		D6AD2DF61AAC85AE00F7F8A5 /* 108.gif */ = {isa = PBXFileReference; lastKnownFileType = image.gif; path = 108.gif; sourceTree = "<group>"; };
		D6AD2DF71AAC85AE00F7F8A5 /* 109.gif */ = {isa = PBXFileReference; lastKnownFileType = image.gif; path = 109.gif; sourceTree = "<group>"; };
		D6AD2DF81AAC85AE00F7F8A5 /* 110.gif */ = {isa = PBXFileReference; lastKnownFileType = image.gif; path = 110.gif; sourceTree = "<group>"; };
		D6AD2DF91AAC85AE00F7F8A5 /* 111.gif */ = {isa = PBXFileReference; lastKnownFileType = image.gif; path = 111.gif; sourceTree = "<group>"; };
		D6AD2DFA1AAC85AE00F7F8A5 /* 112.gif */ = {isa = PBXFileReference; lastKnownFileType = image.gif; path = 112.gif; sourceTree = "<group>"; };
		D6AD2DFB1AAC85AE00F7F8A5 /* 113.gif */ = {isa = PBXFileReference; lastKnownFileType = image.gif; path = 113.gif; sourceTree = "<group>"; };
		D6AD2DFC1AAC85AE00F7F8A5 /* 114.gif */ = {isa = PBXFileReference; lastKnownFileType = image.gif; path = 114.gif; sourceTree = "<group>"; };
		D6AD2DFD1AAC85AE00F7F8A5 /* 115.gif */ = {isa = PBXFileReference; lastKnownFileType = image.gif; path = 115.gif; sourceTree = "<group>"; };
		D6AD2DFE1AAC85AE00F7F8A5 /* 116.gif */ = {isa = PBXFileReference; lastKnownFileType = image.gif; path = 116.gif; sourceTree = "<group>"; };
		D6AD2DFF1AAC85AE00F7F8A5 /* 117.gif */ = {isa = PBXFileReference; lastKnownFileType = image.gif; path = 117.gif; sourceTree = "<group>"; };
		D6AD2E001AAC85AE00F7F8A5 /* 118.gif */ = {isa = PBXFileReference; lastKnownFileType = image.gif; path = 118.gif; sourceTree = "<group>"; };
		D6AD2E011AAC85AE00F7F8A5 /* 119.gif */ = {isa = PBXFileReference; lastKnownFileType = image.gif; path = 119.gif; sourceTree = "<group>"; };
		D6AD2E021AAC85AE00F7F8A5 /* 120.gif */ = {isa = PBXFileReference; lastKnownFileType = image.gif; path = 120.gif; sourceTree = "<group>"; };
		D6AD2E031AAC85AE00F7F8A5 /* 121.gif */ = {isa = PBXFileReference; lastKnownFileType = image.gif; path = 121.gif; sourceTree = "<group>"; };
		D6AD2E041AAC85AE00F7F8A5 /* 122.gif */ = {isa = PBXFileReference; lastKnownFileType = image.gif; path = 122.gif; sourceTree = "<group>"; };
		D6AD2E051AAC85AE00F7F8A5 /* 123.gif */ = {isa = PBXFileReference; lastKnownFileType = image.gif; path = 123.gif; sourceTree = "<group>"; };
		D6AD2E061AAC85AE00F7F8A5 /* 124.gif */ = {isa = PBXFileReference; lastKnownFileType = image.gif; path = 124.gif; sourceTree = "<group>"; };
		D6AD2E071AAC85AE00F7F8A5 /* 125.gif */ = {isa = PBXFileReference; lastKnownFileType = image.gif; path = 125.gif; sourceTree = "<group>"; };
		D6AD2E081AAC85AE00F7F8A5 /* 126.gif */ = {isa = PBXFileReference; lastKnownFileType = image.gif; path = 126.gif; sourceTree = "<group>"; };
		D6AD2E091AAC85AE00F7F8A5 /* 127.gif */ = {isa = PBXFileReference; lastKnownFileType = image.gif; path = 127.gif; sourceTree = "<group>"; };
		D6AD2E0A1AAC85AE00F7F8A5 /* 128.gif */ = {isa = PBXFileReference; lastKnownFileType = image.gif; path = 128.gif; sourceTree = "<group>"; };
		D6AD2E0B1AAC85AE00F7F8A5 /* 129.gif */ = {isa = PBXFileReference; lastKnownFileType = image.gif; path = 129.gif; sourceTree = "<group>"; };
		D6AD2E0C1AAC85AE00F7F8A5 /* 130.gif */ = {isa = PBXFileReference; lastKnownFileType = image.gif; path = 130.gif; sourceTree = "<group>"; };
		D6AD2E0D1AAC85AE00F7F8A5 /* 131.gif */ = {isa = PBXFileReference; lastKnownFileType = image.gif; path = 131.gif; sourceTree = "<group>"; };
		D6AD2E0E1AAC85AE00F7F8A5 /* 132.gif */ = {isa = PBXFileReference; lastKnownFileType = image.gif; path = 132.gif; sourceTree = "<group>"; };
		D6AD2E0F1AAC85AE00F7F8A5 /* 133.gif */ = {isa = PBXFileReference; lastKnownFileType = image.gif; path = 133.gif; sourceTree = "<group>"; };
		D6AD2E101AAC85AE00F7F8A5 /* 134.gif */ = {isa = PBXFileReference; lastKnownFileType = image.gif; path = 134.gif; sourceTree = "<group>"; };
		D6AD2E111AAC85AE00F7F8A5 /* 135.gif */ = {isa = PBXFileReference; lastKnownFileType = image.gif; path = 135.gif; sourceTree = "<group>"; };
		D6AD2E121AAC85AE00F7F8A5 /* 136.gif */ = {isa = PBXFileReference; lastKnownFileType = image.gif; path = 136.gif; sourceTree = "<group>"; };
		D6AD2E131AAC85AE00F7F8A5 /* 137.gif */ = {isa = PBXFileReference; lastKnownFileType = image.gif; path = 137.gif; sourceTree = "<group>"; };
		D6AD2E141AAC85AE00F7F8A5 /* 138.gif */ = {isa = PBXFileReference; lastKnownFileType = image.gif; path = 138.gif; sourceTree = "<group>"; };
		D6AD2E151AAC85AE00F7F8A5 /* 139.gif */ = {isa = PBXFileReference; lastKnownFileType = image.gif; path = 139.gif; sourceTree = "<group>"; };
		D6AD2E161AAC85AE00F7F8A5 /* 140.gif */ = {isa = PBXFileReference; lastKnownFileType = image.gif; path = 140.gif; sourceTree = "<group>"; };
		D6AD2E171AAC85AE00F7F8A5 /* 141.gif */ = {isa = PBXFileReference; lastKnownFileType = image.gif; path = 141.gif; sourceTree = "<group>"; };
		D6AD2E181AAC85AE00F7F8A5 /* 142.gif */ = {isa = PBXFileReference; lastKnownFileType = image.gif; path = 142.gif; sourceTree = "<group>"; };
		D6AD2E191AAC85AE00F7F8A5 /* 143.gif */ = {isa = PBXFileReference; lastKnownFileType = image.gif; path = 143.gif; sourceTree = "<group>"; };
		D6AD2E1A1AAC85AE00F7F8A5 /* 144.gif */ = {isa = PBXFileReference; lastKnownFileType = image.gif; path = 144.gif; sourceTree = "<group>"; };
		D6AD2E1B1AAC85AE00F7F8A5 /* 145.gif */ = {isa = PBXFileReference; lastKnownFileType = image.gif; path = 145.gif; sourceTree = "<group>"; };
		D6AD2E1C1AAC85AE00F7F8A5 /* 146.gif */ = {isa = PBXFileReference; lastKnownFileType = image.gif; path = 146.gif; sourceTree = "<group>"; };
		D6AD2E1D1AAC85AE00F7F8A5 /* 147.gif */ = {isa = PBXFileReference; lastKnownFileType = image.gif; path = 147.gif; sourceTree = "<group>"; };
		D6AD2E1E1AAC85AE00F7F8A5 /* 148.gif */ = {isa = PBXFileReference; lastKnownFileType = image.gif; path = 148.gif; sourceTree = "<group>"; };
		D6AD2E1F1AAC85AE00F7F8A5 /* 149.gif */ = {isa = PBXFileReference; lastKnownFileType = image.gif; path = 149.gif; sourceTree = "<group>"; };
		D6AD2E201AAC85AE00F7F8A5 /* 150.gif */ = {isa = PBXFileReference; lastKnownFileType = image.gif; path = 150.gif; sourceTree = "<group>"; };
		D6AD2E211AAC85AE00F7F8A5 /* 151.gif */ = {isa = PBXFileReference; lastKnownFileType = image.gif; path = 151.gif; sourceTree = "<group>"; };
		D6AD2EBC1AAD317100F7F8A5 /* pokemonnzukannew.png */ = {isa = PBXFileReference; lastKnownFileType = image.png; path = pokemonnzukannew.png; sourceTree = "<group>"; };
		D6DC06511AAC091A00855B26 /* pokemongacha(swift).app */ = {isa = PBXFileReference; explicitFileType = wrapper.application; includeInIndex = 0; path = "pokemongacha(swift).app"; sourceTree = BUILT_PRODUCTS_DIR; };
		D6DC06551AAC091A00855B26 /* Info.plist */ = {isa = PBXFileReference; lastKnownFileType = text.plist.xml; path = Info.plist; sourceTree = "<group>"; };
		D6DC06561AAC091A00855B26 /* AppDelegate.swift */ = {isa = PBXFileReference; lastKnownFileType = sourcecode.swift; path = AppDelegate.swift; sourceTree = "<group>"; };
		D6DC06581AAC091A00855B26 /* ViewController.swift */ = {isa = PBXFileReference; lastKnownFileType = sourcecode.swift; path = ViewController.swift; sourceTree = "<group>"; };
		D6DC065D1AAC091A00855B26 /* Images.xcassets */ = {isa = PBXFileReference; lastKnownFileType = folder.assetcatalog; path = Images.xcassets; sourceTree = "<group>"; };
		D6DC06601AAC091A00855B26 /* Base */ = {isa = PBXFileReference; lastKnownFileType = file.xib; name = Base; path = Base.lproj/LaunchScreen.xib; sourceTree = "<group>"; };
		D6DC06661AAC091A00855B26 /* pokemongacha(swift)Tests.xctest */ = {isa = PBXFileReference; explicitFileType = wrapper.cfbundle; includeInIndex = 0; path = "pokemongacha(swift)Tests.xctest"; sourceTree = BUILT_PRODUCTS_DIR; };
		D6DC066B1AAC091A00855B26 /* Info.plist */ = {isa = PBXFileReference; lastKnownFileType = text.plist.xml; path = Info.plist; sourceTree = "<group>"; };
		D6DC066C1AAC091A00855B26 /* pokemongacha_swift_Tests.swift */ = {isa = PBXFileReference; lastKnownFileType = sourcecode.swift; path = pokemongacha_swift_Tests.swift; sourceTree = "<group>"; };
		D6DC06801AAC222E00855B26 /* gachaViewController.swift */ = {isa = PBXFileReference; fileEncoding = 4; lastKnownFileType = sourcecode.swift; path = gachaViewController.swift; sourceTree = "<group>"; };
		D6DC06841AAC26DD00855B26 /* pikachu.png */ = {isa = PBXFileReference; lastKnownFileType = image.png; path = pikachu.png; sourceTree = "<group>"; };
		D6DC06881AAC34DF00855B26 /* pokemon opening.png */ = {isa = PBXFileReference; lastKnownFileType = image.png; path = "pokemon opening.png"; sourceTree = "<group>"; };
		D6DC06931AAC378B00855B26 /* BallViewController.swift */ = {isa = PBXFileReference; fileEncoding = 4; lastKnownFileType = sourcecode.swift; path = BallViewController.swift; sourceTree = "<group>"; };
		D6F570E61AAD5E6300843F45 /* Main.storyboard */ = {isa = PBXFileReference; fileEncoding = 4; lastKnownFileType = file.storyboard; path = Main.storyboard; sourceTree = "<group>"; };
		D6F570E81AAD6C0D00843F45 /* 0.gif */ = {isa = PBXFileReference; lastKnownFileType = image.gif; path = 0.gif; sourceTree = "<group>"; };
/* End PBXFileReference section */

/* Begin PBXFrameworksBuildPhase section */
		D6DC064E1AAC091A00855B26 /* Frameworks */ = {
			isa = PBXFrameworksBuildPhase;
			buildActionMask = 2147483647;
			files = (
			);
			runOnlyForDeploymentPostprocessing = 0;
		};
		D6DC06631AAC091A00855B26 /* Frameworks */ = {
			isa = PBXFrameworksBuildPhase;
			buildActionMask = 2147483647;
			files = (
			);
			runOnlyForDeploymentPostprocessing = 0;
		};
/* End PBXFrameworksBuildPhase section */

/* Begin PBXGroup section */
		D6DC06481AAC091A00855B26 = {
			isa = PBXGroup;
			children = (
				D6DC06531AAC091A00855B26 /* pokemongacha(swift) */,
				D6DC06691AAC091A00855B26 /* pokemongacha(swift)Tests */,
				D6DC06521AAC091A00855B26 /* Products */,
			);
			sourceTree = "<group>";
		};
		D6DC06521AAC091A00855B26 /* Products */ = {
			isa = PBXGroup;
			children = (
				D6DC06511AAC091A00855B26 /* pokemongacha(swift).app */,
				D6DC06661AAC091A00855B26 /* pokemongacha(swift)Tests.xctest */,
			);
			name = Products;
			sourceTree = "<group>";
		};
		D6DC06531AAC091A00855B26 /* pokemongacha(swift) */ = {
			isa = PBXGroup;
			children = (
				D66657221AB443530021AD37 /* gacha1.png */,
				D66657201AB442BA0021AD37 /* gacha0.jpg */,
				D666571E1AB40FC40021AD37 /* gacha2.png */,
				D666571A1AB40BC20021AD37 /* monsterballnew.png */,
				D69AFFA81AB3C07F00E4126E /* zukananime.png */,
				D69AFFA61AB3B44700E4126E /* zukananime.jpeg */,
				D6AD2EBC1AAD317100F7F8A5 /* pokemonnzukannew.png */,
				D6F570E51AAD5BEF00843F45 /* image */,
				D6DC06881AAC34DF00855B26 /* pokemon opening.png */,
				D6DC06841AAC26DD00855B26 /* pikachu.png */,
				D6DC06561AAC091A00855B26 /* AppDelegate.swift */,
				D6DC06581AAC091A00855B26 /* ViewController.swift */,
				D6DC06801AAC222E00855B26 /* gachaViewController.swift */,
				D6DC06931AAC378B00855B26 /* BallViewController.swift */,
				D69AFFAA1AB3C36B00E4126E /* zukanViewController.swift */,
				D69AFFB11AB3E2FF00E4126E /* CustomCell.swift */,
				D6F570E61AAD5E6300843F45 /* Main.storyboard */,
				D6DC065D1AAC091A00855B26 /* Images.xcassets */,
				D6DC065F1AAC091A00855B26 /* LaunchScreen.xib */,
				D6DC06541AAC091A00855B26 /* Supporting Files */,
			);
			path = "pokemongacha(swift)";
			sourceTree = "<group>";
		};
		D6DC06541AAC091A00855B26 /* Supporting Files */ = {
			isa = PBXGroup;
			children = (
				D6DC06551AAC091A00855B26 /* Info.plist */,
			);
			name = "Supporting Files";
			sourceTree = "<group>";
		};
		D6DC06691AAC091A00855B26 /* pokemongacha(swift)Tests */ = {
			isa = PBXGroup;
			children = (
				D6DC066C1AAC091A00855B26 /* pokemongacha_swift_Tests.swift */,
				D6DC066A1AAC091A00855B26 /* Supporting Files */,
			);
			path = "pokemongacha(swift)Tests";
			sourceTree = "<group>";
		};
		D6DC066A1AAC091A00855B26 /* Supporting Files */ = {
			isa = PBXGroup;
			children = (
				D6DC066B1AAC091A00855B26 /* Info.plist */,
			);
			name = "Supporting Files";
			sourceTree = "<group>";
		};
		D6F570E51AAD5BEF00843F45 /* image */ = {
			isa = PBXGroup;
			children = (
				D6F570E81AAD6C0D00843F45 /* 0.gif */,
				D6AD2D8A1AAC85AE00F7F8A5 /* 1.gif */,
				D6AD2D8B1AAC85AE00F7F8A5 /* 2.gif */,
				D6AD2D8C1AAC85AE00F7F8A5 /* 3.gif */,
				D6AD2D8D1AAC85AE00F7F8A5 /* 4.gif */,
				D6AD2D8E1AAC85AE00F7F8A5 /* 5.gif */,
				D6AD2D8F1AAC85AE00F7F8A5 /* 6.gif */,
				D6AD2D901AAC85AE00F7F8A5 /* 7.gif */,
				D6AD2D911AAC85AE00F7F8A5 /* 8.gif */,
				D6AD2D921AAC85AE00F7F8A5 /* 9.gif */,
				D6AD2D931AAC85AE00F7F8A5 /* 10.gif */,
				D6AD2D941AAC85AE00F7F8A5 /* 11.gif */,
				D6AD2D951AAC85AE00F7F8A5 /* 12.gif */,
				D6AD2D961AAC85AE00F7F8A5 /* 13.gif */,
				D6AD2D971AAC85AE00F7F8A5 /* 14.gif */,
				D6AD2D981AAC85AE00F7F8A5 /* 15.gif */,
				D6AD2D991AAC85AE00F7F8A5 /* 16.gif */,
				D6AD2D9A1AAC85AE00F7F8A5 /* 17.gif */,
				D6AD2D9B1AAC85AE00F7F8A5 /* 18.gif */,
				D6AD2D9C1AAC85AE00F7F8A5 /* 19.gif */,
				D6AD2D9D1AAC85AE00F7F8A5 /* 20.gif */,
				D6AD2D9E1AAC85AE00F7F8A5 /* 21.gif */,
				D6AD2D9F1AAC85AE00F7F8A5 /* 22.gif */,
				D6AD2DA01AAC85AE00F7F8A5 /* 23.gif */,
				D6AD2DA11AAC85AE00F7F8A5 /* 24.gif */,
				D6AD2DA21AAC85AE00F7F8A5 /* 25.gif */,
				D6AD2DA31AAC85AE00F7F8A5 /* 26.gif */,
				D6AD2DA41AAC85AE00F7F8A5 /* 27.gif */,
				D6AD2DA51AAC85AE00F7F8A5 /* 28.gif */,
				D6AD2DA61AAC85AE00F7F8A5 /* 29.gif */,
				D6AD2DA71AAC85AE00F7F8A5 /* 30.gif */,
				D6AD2DA81AAC85AE00F7F8A5 /* 31.gif */,
				D6AD2DA91AAC85AE00F7F8A5 /* 32.gif */,
				D6AD2DAA1AAC85AE00F7F8A5 /* 33.gif */,
				D6AD2DAB1AAC85AE00F7F8A5 /* 34.gif */,
				D6AD2DAC1AAC85AE00F7F8A5 /* 35.gif */,
				D6AD2DAD1AAC85AE00F7F8A5 /* 36.gif */,
				D6AD2DAE1AAC85AE00F7F8A5 /* 37.gif */,
				D6AD2DAF1AAC85AE00F7F8A5 /* 38.gif */,
				D6AD2DB01AAC85AE00F7F8A5 /* 39.gif */,
				D6AD2DB11AAC85AE00F7F8A5 /* 40.gif */,
				D6AD2DB21AAC85AE00F7F8A5 /* 41.gif */,
				D6AD2DB31AAC85AE00F7F8A5 /* 42.gif */,
				D6AD2DB41AAC85AE00F7F8A5 /* 43.gif */,
				D6AD2DB51AAC85AE00F7F8A5 /* 44.gif */,
				D6AD2DB61AAC85AE00F7F8A5 /* 45.gif */,
				D6AD2DB71AAC85AE00F7F8A5 /* 46.gif */,
				D6AD2DB81AAC85AE00F7F8A5 /* 47.gif */,
				D6AD2DB91AAC85AE00F7F8A5 /* 48.gif */,
				D6AD2DBA1AAC85AE00F7F8A5 /* 49.gif */,
				D6AD2DBB1AAC85AE00F7F8A5 /* 50.gif */,
				D6AD2DBC1AAC85AE00F7F8A5 /* 51.gif */,
				D6AD2DBD1AAC85AE00F7F8A5 /* 52.gif */,
				D6AD2DBE1AAC85AE00F7F8A5 /* 53.gif */,
				D6AD2DBF1AAC85AE00F7F8A5 /* 54.gif */,
				D6AD2DC11AAC85AE00F7F8A5 /* 55.gif */,
				D6AD2DC21AAC85AE00F7F8A5 /* 56.gif */,
				D6AD2DC31AAC85AE00F7F8A5 /* 57.gif */,
				D6AD2DC41AAC85AE00F7F8A5 /* 58.gif */,
				D6AD2DC51AAC85AE00F7F8A5 /* 59.gif */,
				D6AD2DC61AAC85AE00F7F8A5 /* 60.gif */,
				D6AD2DC71AAC85AE00F7F8A5 /* 61.gif */,
				D6AD2DC81AAC85AE00F7F8A5 /* 62.gif */,
				D6AD2DC91AAC85AE00F7F8A5 /* 63.gif */,
				D6AD2DCA1AAC85AE00F7F8A5 /* 64.gif */,
				D6AD2DCB1AAC85AE00F7F8A5 /* 65.gif */,
				D6AD2DCC1AAC85AE00F7F8A5 /* 66.gif */,
				D6AD2DCD1AAC85AE00F7F8A5 /* 67.gif */,
				D6AD2DCE1AAC85AE00F7F8A5 /* 68.gif */,
				D6AD2DCF1AAC85AE00F7F8A5 /* 69.gif */,
				D6AD2DD01AAC85AE00F7F8A5 /* 70.gif */,
				D6AD2DD11AAC85AE00F7F8A5 /* 71.gif */,
				D6AD2DD21AAC85AE00F7F8A5 /* 72.gif */,
				D6AD2DD31AAC85AE00F7F8A5 /* 73.gif */,
				D6AD2DD41AAC85AE00F7F8A5 /* 74.gif */,
				D6AD2DD51AAC85AE00F7F8A5 /* 75.gif */,
				D6AD2DD61AAC85AE00F7F8A5 /* 76.gif */,
				D6AD2DD71AAC85AE00F7F8A5 /* 77.gif */,
				D6AD2DD81AAC85AE00F7F8A5 /* 78.gif */,
				D6AD2DD91AAC85AE00F7F8A5 /* 79.gif */,
				D6AD2DDA1AAC85AE00F7F8A5 /* 80.gif */,
				D6AD2DDB1AAC85AE00F7F8A5 /* 81.gif */,
				D6AD2DDC1AAC85AE00F7F8A5 /* 82.gif */,
				D6AD2DDD1AAC85AE00F7F8A5 /* 83.gif */,
				D6AD2DDE1AAC85AE00F7F8A5 /* 84.gif */,
				D6AD2DDF1AAC85AE00F7F8A5 /* 85.gif */,
				D6AD2DE01AAC85AE00F7F8A5 /* 86.gif */,
				D6AD2DE11AAC85AE00F7F8A5 /* 87.gif */,
				D6AD2DE21AAC85AE00F7F8A5 /* 88.gif */,
				D6AD2DE31AAC85AE00F7F8A5 /* 89.gif */,
				D6AD2DE41AAC85AE00F7F8A5 /* 90.gif */,
				D6AD2DE51AAC85AE00F7F8A5 /* 91.gif */,
				D6AD2DE61AAC85AE00F7F8A5 /* 92.gif */,
				D6AD2DE71AAC85AE00F7F8A5 /* 93.gif */,
				D6AD2DE81AAC85AE00F7F8A5 /* 94.gif */,
				D6AD2DE91AAC85AE00F7F8A5 /* 95.gif */,
				D6AD2DEA1AAC85AE00F7F8A5 /* 96.gif */,
				D6AD2DEB1AAC85AE00F7F8A5 /* 97.gif */,
				D6AD2DEC1AAC85AE00F7F8A5 /* 98.gif */,
				D6AD2DED1AAC85AE00F7F8A5 /* 99.gif */,
				D6AD2DEE1AAC85AE00F7F8A5 /* 100.gif */,
				D6AD2DEF1AAC85AE00F7F8A5 /* 101.gif */,
				D6AD2DF01AAC85AE00F7F8A5 /* 102.gif */,
				D6AD2DF11AAC85AE00F7F8A5 /* 103.gif */,
				D6AD2DF21AAC85AE00F7F8A5 /* 104.gif */,
				D6AD2DF31AAC85AE00F7F8A5 /* 105.gif */,
				D6AD2DF41AAC85AE00F7F8A5 /* 106.gif */,
				D6AD2DF51AAC85AE00F7F8A5 /* 107.gif */,
				D6AD2DF61AAC85AE00F7F8A5 /* 108.gif */,
				D6AD2DF71AAC85AE00F7F8A5 /* 109.gif */,
				D6AD2DF81AAC85AE00F7F8A5 /* 110.gif */,
				D6AD2DF91AAC85AE00F7F8A5 /* 111.gif */,
				D6AD2DFA1AAC85AE00F7F8A5 /* 112.gif */,
				D6AD2DFB1AAC85AE00F7F8A5 /* 113.gif */,
				D6AD2DFC1AAC85AE00F7F8A5 /* 114.gif */,
				D6AD2DFD1AAC85AE00F7F8A5 /* 115.gif */,
				D6AD2DFE1AAC85AE00F7F8A5 /* 116.gif */,
				D6AD2DFF1AAC85AE00F7F8A5 /* 117.gif */,
				D6AD2E001AAC85AE00F7F8A5 /* 118.gif */,
				D6AD2E011AAC85AE00F7F8A5 /* 119.gif */,
				D6AD2E021AAC85AE00F7F8A5 /* 120.gif */,
				D6AD2E031AAC85AE00F7F8A5 /* 121.gif */,
				D6AD2E041AAC85AE00F7F8A5 /* 122.gif */,
				D6AD2E051AAC85AE00F7F8A5 /* 123.gif */,
				D6AD2E061AAC85AE00F7F8A5 /* 124.gif */,
				D6AD2E071AAC85AE00F7F8A5 /* 125.gif */,
				D6AD2E081AAC85AE00F7F8A5 /* 126.gif */,
				D6AD2E091AAC85AE00F7F8A5 /* 127.gif */,
				D6AD2E0A1AAC85AE00F7F8A5 /* 128.gif */,
				D6AD2E0B1AAC85AE00F7F8A5 /* 129.gif */,
				D6AD2E0C1AAC85AE00F7F8A5 /* 130.gif */,
				D6AD2E0D1AAC85AE00F7F8A5 /* 131.gif */,
				D6AD2E0E1AAC85AE00F7F8A5 /* 132.gif */,
				D6AD2E0F1AAC85AE00F7F8A5 /* 133.gif */,
				D6AD2E101AAC85AE00F7F8A5 /* 134.gif */,
				D6AD2E111AAC85AE00F7F8A5 /* 135.gif */,
				D6AD2E121AAC85AE00F7F8A5 /* 136.gif */,
				D6AD2E131AAC85AE00F7F8A5 /* 137.gif */,
				D6AD2E141AAC85AE00F7F8A5 /* 138.gif */,
				D6AD2E151AAC85AE00F7F8A5 /* 139.gif */,
				D6AD2E161AAC85AE00F7F8A5 /* 140.gif */,
				D6AD2E171AAC85AE00F7F8A5 /* 141.gif */,
				D6AD2E181AAC85AE00F7F8A5 /* 142.gif */,
				D6AD2E191AAC85AE00F7F8A5 /* 143.gif */,
				D6AD2E1A1AAC85AE00F7F8A5 /* 144.gif */,
				D6AD2E1B1AAC85AE00F7F8A5 /* 145.gif */,
				D6AD2E1C1AAC85AE00F7F8A5 /* 146.gif */,
				D6AD2E1D1AAC85AE00F7F8A5 /* 147.gif */,
				D6AD2E1E1AAC85AE00F7F8A5 /* 148.gif */,
				D6AD2E1F1AAC85AE00F7F8A5 /* 149.gif */,
				D6AD2E201AAC85AE00F7F8A5 /* 150.gif */,
				D6AD2E211AAC85AE00F7F8A5 /* 151.gif */,
			);
			name = image;
			sourceTree = "<group>";
		};
/* End PBXGroup section */

/* Begin PBXNativeTarget section */
		D6DC06501AAC091A00855B26 /* pokemongacha(swift) */ = {
			isa = PBXNativeTarget;
			buildConfigurationList = D6DC06701AAC091A00855B26 /* Build configuration list for PBXNativeTarget "pokemongacha(swift)" */;
			buildPhases = (
				D6DC064D1AAC091A00855B26 /* Sources */,
				D6DC064E1AAC091A00855B26 /* Frameworks */,
				D6DC064F1AAC091A00855B26 /* Resources */,
			);
			buildRules = (
			);
			dependencies = (
			);
			name = "pokemongacha(swift)";
			productName = "pokemongacha(swift)";
			productReference = D6DC06511AAC091A00855B26 /* pokemongacha(swift).app */;
			productType = "com.apple.product-type.application";
		};
		D6DC06651AAC091A00855B26 /* pokemongacha(swift)Tests */ = {
			isa = PBXNativeTarget;
			buildConfigurationList = D6DC06731AAC091A00855B26 /* Build configuration list for PBXNativeTarget "pokemongacha(swift)Tests" */;
			buildPhases = (
				D6DC06621AAC091A00855B26 /* Sources */,
				D6DC06631AAC091A00855B26 /* Frameworks */,
				D6DC06641AAC091A00855B26 /* Resources */,
			);
			buildRules = (
			);
			dependencies = (
				D6DC06681AAC091A00855B26 /* PBXTargetDependency */,
			);
			name = "pokemongacha(swift)Tests";
			productName = "pokemongacha(swift)Tests";
			productReference = D6DC06661AAC091A00855B26 /* pokemongacha(swift)Tests.xctest */;
			productType = "com.apple.product-type.bundle.unit-test";
		};
/* End PBXNativeTarget section */

/* Begin PBXProject section */
		D6DC06491AAC091A00855B26 /* Project object */ = {
			isa = PBXProject;
			attributes = {
				LastUpgradeCheck = 0610;
				ORGANIZATIONNAME = "Yuta Araki";
				TargetAttributes = {
					D6DC06501AAC091A00855B26 = {
						CreatedOnToolsVersion = 6.1.1;
					};
					D6DC06651AAC091A00855B26 = {
						CreatedOnToolsVersion = 6.1.1;
						TestTargetID = D6DC06501AAC091A00855B26;
					};
				};
			};
			buildConfigurationList = D6DC064C1AAC091A00855B26 /* Build configuration list for PBXProject "pokemongacha(swift)" */;
			compatibilityVersion = "Xcode 3.2";
			developmentRegion = English;
			hasScannedForEncodings = 0;
			knownRegions = (
				en,
				Base,
			);
			mainGroup = D6DC06481AAC091A00855B26;
			productRefGroup = D6DC06521AAC091A00855B26 /* Products */;
			projectDirPath = "";
			projectRoot = "";
			targets = (
				D6DC06501AAC091A00855B26 /* pokemongacha(swift) */,
				D6DC06651AAC091A00855B26 /* pokemongacha(swift)Tests */,
			);
		};
/* End PBXProject section */

/* Begin PBXResourcesBuildPhase section */
		D6DC064F1AAC091A00855B26 /* Resources */ = {
			isa = PBXResourcesBuildPhase;
			buildActionMask = 2147483647;
			files = (
				D6AD2EAE1AAC85AE00F7F8A5 /* 140.gif in Resources */,
				D6AD2E941AAC85AE00F7F8A5 /* 114.gif in Resources */,
				D66657231AB443530021AD37 /* gacha1.png in Resources */,
				D6AD2E931AAC85AE00F7F8A5 /* 113.gif in Resources */,
				D6AD2EB81AAC85AE00F7F8A5 /* 150.gif in Resources */,
				D6AD2E531AAC85AE00F7F8A5 /* 50.gif in Resources */,
				D6AD2E541AAC85AE00F7F8A5 /* 51.gif in Resources */,
				D6AD2EB31AAC85AE00F7F8A5 /* 145.gif in Resources */,
				D6AD2E921AAC85AE00F7F8A5 /* 112.gif in Resources */,
				D6AD2E3E1AAC85AE00F7F8A5 /* 29.gif in Resources */,
				D6AD2E7A1AAC85AE00F7F8A5 /* 88.gif in Resources */,
				D6AD2E7B1AAC85AE00F7F8A5 /* 89.gif in Resources */,
				D6AD2E6D1AAC85AE00F7F8A5 /* 75.gif in Resources */,
				D6AD2E7E1AAC85AE00F7F8A5 /* 92.gif in Resources */,
				D6AD2E301AAC85AE00F7F8A5 /* 15.gif in Resources */,
				D6AD2E6F1AAC85AE00F7F8A5 /* 77.gif in Resources */,
				D6AD2EA91AAC85AE00F7F8A5 /* 135.gif in Resources */,
				D6AD2EA01AAC85AE00F7F8A5 /* 126.gif in Resources */,
				D6AD2E751AAC85AE00F7F8A5 /* 83.gif in Resources */,
				D6AD2E421AAC85AE00F7F8A5 /* 33.gif in Resources */,
				D6AD2EA11AAC85AE00F7F8A5 /* 127.gif in Resources */,
				D6AD2EB91AAC85AE00F7F8A5 /* 151.gif in Resources */,
				D6AD2E831AAC85AE00F7F8A5 /* 97.gif in Resources */,
				D6AD2EA21AAC85AE00F7F8A5 /* 128.gif in Resources */,
				D6AD2E461AAC85AE00F7F8A5 /* 37.gif in Resources */,
				D6AD2E281AAC85AE00F7F8A5 /* 7.gif in Resources */,
				D6AD2E521AAC85AE00F7F8A5 /* 49.gif in Resources */,
				D6AD2E3D1AAC85AE00F7F8A5 /* 28.gif in Resources */,
				D6AD2E271AAC85AE00F7F8A5 /* 6.gif in Resources */,
				D6AD2E331AAC85AE00F7F8A5 /* 18.gif in Resources */,
				D6AD2E5A1AAC85AE00F7F8A5 /* 56.gif in Resources */,
				D6AD2E241AAC85AE00F7F8A5 /* 3.gif in Resources */,
				D6AD2E9A1AAC85AE00F7F8A5 /* 120.gif in Resources */,
				D6AD2E9E1AAC85AE00F7F8A5 /* 124.gif in Resources */,
				D6AD2E6A1AAC85AE00F7F8A5 /* 72.gif in Resources */,
				D6AD2E5B1AAC85AE00F7F8A5 /* 57.gif in Resources */,
				D6AD2E321AAC85AE00F7F8A5 /* 17.gif in Resources */,
				D6AD2E3F1AAC85AE00F7F8A5 /* 30.gif in Resources */,
				D6AD2E251AAC85AE00F7F8A5 /* 4.gif in Resources */,
				D6AD2EA81AAC85AE00F7F8A5 /* 134.gif in Resources */,
				D6AD2E471AAC85AE00F7F8A5 /* 38.gif in Resources */,
				D6AD2EA41AAC85AE00F7F8A5 /* 130.gif in Resources */,
				D6AD2E981AAC85AE00F7F8A5 /* 118.gif in Resources */,
				D6AD2E4E1AAC85AE00F7F8A5 /* 45.gif in Resources */,
				D6DC06611AAC091A00855B26 /* LaunchScreen.xib in Resources */,
				D6AD2E341AAC85AE00F7F8A5 /* 19.gif in Resources */,
				D69AFFA91AB3C07F00E4126E /* zukananime.png in Resources */,
				D6AD2E8B1AAC85AE00F7F8A5 /* 105.gif in Resources */,
				D6AD2E871AAC85AE00F7F8A5 /* 101.gif in Resources */,
				D6DC065E1AAC091A00855B26 /* Images.xcassets in Resources */,
				D6AD2E431AAC85AE00F7F8A5 /* 34.gif in Resources */,
				D6AD2E261AAC85AE00F7F8A5 /* 5.gif in Resources */,
				D6AD2E6C1AAC85AE00F7F8A5 /* 74.gif in Resources */,
				D6AD2E451AAC85AE00F7F8A5 /* 36.gif in Resources */,
				D6AD2E3C1AAC85AE00F7F8A5 /* 27.gif in Resources */,
				D6AD2E611AAC85AE00F7F8A5 /* 63.gif in Resources */,
				D666571F1AB40FC40021AD37 /* gacha2.png in Resources */,
				D6AD2E5E1AAC85AE00F7F8A5 /* 60.gif in Resources */,
				D6AD2E7C1AAC85AE00F7F8A5 /* 90.gif in Resources */,
				D6AD2E731AAC85AE00F7F8A5 /* 81.gif in Resources */,
				D6AD2E821AAC85AE00F7F8A5 /* 96.gif in Resources */,
				D6AD2E221AAC85AE00F7F8A5 /* 1.gif in Resources */,
				D6AD2E411AAC85AE00F7F8A5 /* 32.gif in Resources */,
				D6AD2E551AAC85AE00F7F8A5 /* 52.gif in Resources */,
				D6AD2E2F1AAC85AE00F7F8A5 /* 14.gif in Resources */,
				D6AD2E6B1AAC85AE00F7F8A5 /* 73.gif in Resources */,
				D6AD2E4C1AAC85AE00F7F8A5 /* 43.gif in Resources */,
				D6AD2E8C1AAC85AE00F7F8A5 /* 106.gif in Resources */,
				D6AD2EBD1AAD317100F7F8A5 /* pokemonnzukannew.png in Resources */,
				D6F570E71AAD5E6300843F45 /* Main.storyboard in Resources */,
				D6AD2E951AAC85AE00F7F8A5 /* 115.gif in Resources */,
				D6AD2EAA1AAC85AE00F7F8A5 /* 136.gif in Resources */,
				D6AD2E361AAC85AE00F7F8A5 /* 21.gif in Resources */,
				D6AD2EAF1AAC85AE00F7F8A5 /* 141.gif in Resources */,
				D6AD2E851AAC85AE00F7F8A5 /* 99.gif in Resources */,
				D6AD2E2B1AAC85AE00F7F8A5 /* 10.gif in Resources */,
				D6AD2EAB1AAC85AE00F7F8A5 /* 137.gif in Resources */,
				D6AD2E6E1AAC85AE00F7F8A5 /* 76.gif in Resources */,
				D6AD2EB51AAC85AE00F7F8A5 /* 147.gif in Resources */,
				D6AD2EAC1AAC85AE00F7F8A5 /* 138.gif in Resources */,
				D6AD2E601AAC85AE00F7F8A5 /* 62.gif in Resources */,
				D6DC06851AAC26DD00855B26 /* pikachu.png in Resources */,
				D6AD2E481AAC85AE00F7F8A5 /* 39.gif in Resources */,
				D6AD2E4F1AAC85AE00F7F8A5 /* 46.gif in Resources */,
				D6AD2EA51AAC85AE00F7F8A5 /* 131.gif in Resources */,
				D6AD2E901AAC85AE00F7F8A5 /* 110.gif in Resources */,
				D6AD2E861AAC85AE00F7F8A5 /* 100.gif in Resources */,
				D6AD2E711AAC85AE00F7F8A5 /* 79.gif in Resources */,
				D6AD2E7D1AAC85AE00F7F8A5 /* 91.gif in Resources */,
				D6AD2E801AAC85AE00F7F8A5 /* 94.gif in Resources */,
				D6AD2E781AAC85AE00F7F8A5 /* 86.gif in Resources */,
				D6AD2E691AAC85AE00F7F8A5 /* 71.gif in Resources */,
				D6AD2E721AAC85AE00F7F8A5 /* 80.gif in Resources */,
				D6AD2E741AAC85AE00F7F8A5 /* 82.gif in Resources */,
				D6AD2E2D1AAC85AE00F7F8A5 /* 12.gif in Resources */,
				D6AD2E771AAC85AE00F7F8A5 /* 85.gif in Resources */,
				D6AD2EA61AAC85AE00F7F8A5 /* 132.gif in Resources */,
				D6AD2E9F1AAC85AE00F7F8A5 /* 125.gif in Resources */,
				D6AD2EA71AAC85AE00F7F8A5 /* 133.gif in Resources */,
				D69AFFA71AB3B44700E4126E /* zukananime.jpeg in Resources */,
				D6AD2E7F1AAC85AE00F7F8A5 /* 93.gif in Resources */,
				D6AD2E4D1AAC85AE00F7F8A5 /* 44.gif in Resources */,
				D6AD2E291AAC85AE00F7F8A5 /* 8.gif in Resources */,
				D6AD2E651AAC85AE00F7F8A5 /* 67.gif in Resources */,
				D6AD2EA31AAC85AE00F7F8A5 /* 129.gif in Resources */,
				D6AD2E561AAC85AE00F7F8A5 /* 53.gif in Resources */,
				D6AD2E491AAC85AE00F7F8A5 /* 40.gif in Resources */,
				D6AD2E8E1AAC85AE00F7F8A5 /* 108.gif in Resources */,
				D6AD2EB11AAC85AE00F7F8A5 /* 143.gif in Resources */,
				D6AD2E971AAC85AE00F7F8A5 /* 117.gif in Resources */,
				D6AD2E571AAC85AE00F7F8A5 /* 54.gif in Resources */,
				D6AD2E9C1AAC85AE00F7F8A5 /* 122.gif in Resources */,
				D6AD2E591AAC85AE00F7F8A5 /* 55.gif in Resources */,
				D6AD2E8D1AAC85AE00F7F8A5 /* 107.gif in Resources */,
				D6AD2E641AAC85AE00F7F8A5 /* 66.gif in Resources */,
				D6AD2E2A1AAC85AE00F7F8A5 /* 9.gif in Resources */,
				D6AD2E761AAC85AE00F7F8A5 /* 84.gif in Resources */,
				D6AD2E811AAC85AE00F7F8A5 /* 95.gif in Resources */,
				D6F570E91AAD6C0E00843F45 /* 0.gif in Resources */,
				D6AD2E891AAC85AE00F7F8A5 /* 103.gif in Resources */,
				D6AD2E401AAC85AE00F7F8A5 /* 31.gif in Resources */,
				D6AD2E661AAC85AE00F7F8A5 /* 68.gif in Resources */,
				D6AD2E351AAC85AE00F7F8A5 /* 20.gif in Resources */,
				D6AD2E3B1AAC85AE00F7F8A5 /* 26.gif in Resources */,
				D6AD2E4B1AAC85AE00F7F8A5 /* 42.gif in Resources */,
				D6AD2E3A1AAC85AE00F7F8A5 /* 25.gif in Resources */,
				D666571B1AB40BC20021AD37 /* monsterballnew.png in Resources */,
				D6AD2E511AAC85AE00F7F8A5 /* 48.gif in Resources */,
				D6AD2E961AAC85AE00F7F8A5 /* 116.gif in Resources */,
				D6AD2EB01AAC85AE00F7F8A5 /* 142.gif in Resources */,
				D6AD2E391AAC85AE00F7F8A5 /* 24.gif in Resources */,
				D6AD2E371AAC85AE00F7F8A5 /* 22.gif in Resources */,
				D6AD2E671AAC85AE00F7F8A5 /* 69.gif in Resources */,
				D6AD2E381AAC85AE00F7F8A5 /* 23.gif in Resources */,
				D6AD2EB41AAC85AE00F7F8A5 /* 146.gif in Resources */,
				D6AD2EB71AAC85AE00F7F8A5 /* 149.gif in Resources */,
				D6AD2EAD1AAC85AE00F7F8A5 /* 139.gif in Resources */,
				D6AD2E911AAC85AE00F7F8A5 /* 111.gif in Resources */,
				D66657211AB442BB0021AD37 /* gacha0.jpg in Resources */,
				D6AD2E9B1AAC85AE00F7F8A5 /* 121.gif in Resources */,
				D6AD2E501AAC85AE00F7F8A5 /* 47.gif in Resources */,
				D6AD2E2C1AAC85AE00F7F8A5 /* 11.gif in Resources */,
				D6AD2EB21AAC85AE00F7F8A5 /* 144.gif in Resources */,
				D6AD2E311AAC85AE00F7F8A5 /* 16.gif in Resources */,
				D6AD2E5D1AAC85AE00F7F8A5 /* 59.gif in Resources */,
				D6AD2E441AAC85AE00F7F8A5 /* 35.gif in Resources */,
				D6AD2E701AAC85AE00F7F8A5 /* 78.gif in Resources */,
				D6AD2E8A1AAC85AE00F7F8A5 /* 104.gif in Resources */,
				D6AD2E791AAC85AE00F7F8A5 /* 87.gif in Resources */,
				D6AD2EB61AAC85AE00F7F8A5 /* 148.gif in Resources */,
				D6AD2E631AAC85AE00F7F8A5 /* 65.gif in Resources */,
				D6AD2E231AAC85AE00F7F8A5 /* 2.gif in Resources */,
				D6AD2E5F1AAC85AE00F7F8A5 /* 61.gif in Resources */,
				D6AD2E881AAC85AE00F7F8A5 /* 102.gif in Resources */,
				D6AD2E681AAC85AE00F7F8A5 /* 70.gif in Resources */,
				D6AD2E621AAC85AE00F7F8A5 /* 64.gif in Resources */,
				D6AD2E9D1AAC85AE00F7F8A5 /* 123.gif in Resources */,
				D6AD2E2E1AAC85AE00F7F8A5 /* 13.gif in Resources */,
				D6AD2E5C1AAC85AE00F7F8A5 /* 58.gif in Resources */,
				D6AD2E4A1AAC85AE00F7F8A5 /* 41.gif in Resources */,
				D6AD2E8F1AAC85AE00F7F8A5 /* 109.gif in Resources */,
				D6DC068B1AAC34DF00855B26 /* pokemon opening.png in Resources */,
				D6AD2E991AAC85AE00F7F8A5 /* 119.gif in Resources */,
				D6AD2E841AAC85AE00F7F8A5 /* 98.gif in Resources */,
			);
			runOnlyForDeploymentPostprocessing = 0;
		};
		D6DC06641AAC091A00855B26 /* Resources */ = {
			isa = PBXResourcesBuildPhase;
			buildActionMask = 2147483647;
			files = (
			);
			runOnlyForDeploymentPostprocessing = 0;
		};
/* End PBXResourcesBuildPhase section */

/* Begin PBXSourcesBuildPhase section */
		D6DC064D1AAC091A00855B26 /* Sources */ = {
			isa = PBXSourcesBuildPhase;
			buildActionMask = 2147483647;
			files = (
				D69AFFAB1AB3C36B00E4126E /* zukanViewController.swift in Sources */,
				D6DC06591AAC091A00855B26 /* ViewController.swift in Sources */,
				D6DC06941AAC378B00855B26 /* BallViewController.swift in Sources */,
				D6DC06811AAC222E00855B26 /* gachaViewController.swift in Sources */,
				D69AFFB21AB3E2FF00E4126E /* CustomCell.swift in Sources */,
				D6DC06571AAC091A00855B26 /* AppDelegate.swift in Sources */,
			);
			runOnlyForDeploymentPostprocessing = 0;
		};
		D6DC06621AAC091A00855B26 /* Sources */ = {
			isa = PBXSourcesBuildPhase;
			buildActionMask = 2147483647;
			files = (
				D6DC066D1AAC091A00855B26 /* pokemongacha_swift_Tests.swift in Sources */,
			);
			runOnlyForDeploymentPostprocessing = 0;
		};
/* End PBXSourcesBuildPhase section */

/* Begin PBXTargetDependency section */
		D6DC06681AAC091A00855B26 /* PBXTargetDependency */ = {
			isa = PBXTargetDependency;
			target = D6DC06501AAC091A00855B26 /* pokemongacha(swift) */;
			targetProxy = D6DC06671AAC091A00855B26 /* PBXContainerItemProxy */;
		};
/* End PBXTargetDependency section */

/* Begin PBXVariantGroup section */
		D6DC065F1AAC091A00855B26 /* LaunchScreen.xib */ = {
			isa = PBXVariantGroup;
			children = (
				D6DC06601AAC091A00855B26 /* Base */,
			);
			name = LaunchScreen.xib;
			sourceTree = "<group>";
		};
/* End PBXVariantGroup section */

/* Begin XCBuildConfiguration section */
		D6DC066E1AAC091A00855B26 /* Debug */ = {
			isa = XCBuildConfiguration;
			buildSettings = {
				ALWAYS_SEARCH_USER_PATHS = NO;
				CLANG_CXX_LANGUAGE_STANDARD = "gnu++0x";
				CLANG_CXX_LIBRARY = "libc++";
				CLANG_ENABLE_MODULES = YES;
				CLANG_ENABLE_OBJC_ARC = YES;
				CLANG_WARN_BOOL_CONVERSION = YES;
				CLANG_WARN_CONSTANT_CONVERSION = YES;
				CLANG_WARN_DIRECT_OBJC_ISA_USAGE = YES_ERROR;
				CLANG_WARN_EMPTY_BODY = YES;
				CLANG_WARN_ENUM_CONVERSION = YES;
				CLANG_WARN_INT_CONVERSION = YES;
				CLANG_WARN_OBJC_ROOT_CLASS = YES_ERROR;
				CLANG_WARN_UNREACHABLE_CODE = YES;
				CLANG_WARN__DUPLICATE_METHOD_MATCH = YES;
				"CODE_SIGN_IDENTITY[sdk=iphoneos*]" = "iPhone Developer";
				COPY_PHASE_STRIP = NO;
				ENABLE_STRICT_OBJC_MSGSEND = YES;
				GCC_C_LANGUAGE_STANDARD = gnu99;
				GCC_DYNAMIC_NO_PIC = NO;
				GCC_OPTIMIZATION_LEVEL = 0;
				GCC_PREPROCESSOR_DEFINITIONS = (
					"DEBUG=1",
					"$(inherited)",
				);
				GCC_SYMBOLS_PRIVATE_EXTERN = NO;
				GCC_WARN_64_TO_32_BIT_CONVERSION = YES;
				GCC_WARN_ABOUT_RETURN_TYPE = YES_ERROR;
				GCC_WARN_UNDECLARED_SELECTOR = YES;
				GCC_WARN_UNINITIALIZED_AUTOS = YES_AGGRESSIVE;
				GCC_WARN_UNUSED_FUNCTION = YES;
				GCC_WARN_UNUSED_VARIABLE = YES;
				IPHONEOS_DEPLOYMENT_TARGET = 8.1;
				MTL_ENABLE_DEBUG_INFO = YES;
				ONLY_ACTIVE_ARCH = YES;
				SDKROOT = iphoneos;
				SWIFT_OPTIMIZATION_LEVEL = "-Onone";
			};
			name = Debug;
		};
		D6DC066F1AAC091A00855B26 /* Release */ = {
			isa = XCBuildConfiguration;
			buildSettings = {
				ALWAYS_SEARCH_USER_PATHS = NO;
				CLANG_CXX_LANGUAGE_STANDARD = "gnu++0x";
				CLANG_CXX_LIBRARY = "libc++";
				CLANG_ENABLE_MODULES = YES;
				CLANG_ENABLE_OBJC_ARC = YES;
				CLANG_WARN_BOOL_CONVERSION = YES;
				CLANG_WARN_CONSTANT_CONVERSION = YES;
				CLANG_WARN_DIRECT_OBJC_ISA_USAGE = YES_ERROR;
				CLANG_WARN_EMPTY_BODY = YES;
				CLANG_WARN_ENUM_CONVERSION = YES;
				CLANG_WARN_INT_CONVERSION = YES;
				CLANG_WARN_OBJC_ROOT_CLASS = YES_ERROR;
				CLANG_WARN_UNREACHABLE_CODE = YES;
				CLANG_WARN__DUPLICATE_METHOD_MATCH = YES;
				"CODE_SIGN_IDENTITY[sdk=iphoneos*]" = "iPhone Developer";
				COPY_PHASE_STRIP = YES;
				ENABLE_NS_ASSERTIONS = NO;
				ENABLE_STRICT_OBJC_MSGSEND = YES;
				GCC_C_LANGUAGE_STANDARD = gnu99;
				GCC_WARN_64_TO_32_BIT_CONVERSION = YES;
				GCC_WARN_ABOUT_RETURN_TYPE = YES_ERROR;
				GCC_WARN_UNDECLARED_SELECTOR = YES;
				GCC_WARN_UNINITIALIZED_AUTOS = YES_AGGRESSIVE;
				GCC_WARN_UNUSED_FUNCTION = YES;
				GCC_WARN_UNUSED_VARIABLE = YES;
				IPHONEOS_DEPLOYMENT_TARGET = 8.1;
				MTL_ENABLE_DEBUG_INFO = NO;
				SDKROOT = iphoneos;
				VALIDATE_PRODUCT = YES;
			};
			name = Release;
		};
		D6DC06711AAC091A00855B26 /* Debug */ = {
			isa = XCBuildConfiguration;
			buildSettings = {
				ASSETCATALOG_COMPILER_APPICON_NAME = AppIcon;
				INFOPLIST_FILE = "pokemongacha(swift)/Info.plist";
				LD_RUNPATH_SEARCH_PATHS = "$(inherited) @executable_path/Frameworks";
				PRODUCT_NAME = "$(TARGET_NAME)";
			};
			name = Debug;
		};
		D6DC06721AAC091A00855B26 /* Release */ = {
			isa = XCBuildConfiguration;
			buildSettings = {
				ASSETCATALOG_COMPILER_APPICON_NAME = AppIcon;
				INFOPLIST_FILE = "pokemongacha(swift)/Info.plist";
				LD_RUNPATH_SEARCH_PATHS = "$(inherited) @executable_path/Frameworks";
				PRODUCT_NAME = "$(TARGET_NAME)";
			};
			name = Release;
		};
		D6DC06741AAC091A00855B26 /* Debug */ = {
			isa = XCBuildConfiguration;
			buildSettings = {
				BUNDLE_LOADER = "$(TEST_HOST)";
				FRAMEWORK_SEARCH_PATHS = (
					"$(SDKROOT)/Developer/Library/Frameworks",
					"$(inherited)",
				);
				GCC_PREPROCESSOR_DEFINITIONS = (
					"DEBUG=1",
					"$(inherited)",
				);
				INFOPLIST_FILE = "pokemongacha(swift)Tests/Info.plist";
				LD_RUNPATH_SEARCH_PATHS = "$(inherited) @executable_path/Frameworks @loader_path/Frameworks";
				PRODUCT_NAME = "$(TARGET_NAME)";
				TEST_HOST = "$(BUILT_PRODUCTS_DIR)/pokemongacha(swift).app/pokemongacha(swift)";
			};
			name = Debug;
		};
		D6DC06751AAC091A00855B26 /* Release */ = {
			isa = XCBuildConfiguration;
			buildSettings = {
				BUNDLE_LOADER = "$(TEST_HOST)";
				FRAMEWORK_SEARCH_PATHS = (
					"$(SDKROOT)/Developer/Library/Frameworks",
					"$(inherited)",
				);
				INFOPLIST_FILE = "pokemongacha(swift)Tests/Info.plist";
				LD_RUNPATH_SEARCH_PATHS = "$(inherited) @executable_path/Frameworks @loader_path/Frameworks";
				PRODUCT_NAME = "$(TARGET_NAME)";
				TEST_HOST = "$(BUILT_PRODUCTS_DIR)/pokemongacha(swift).app/pokemongacha(swift)";
			};
			name = Release;
		};
/* End XCBuildConfiguration section */

/* Begin XCConfigurationList section */
		D6DC064C1AAC091A00855B26 /* Build configuration list for PBXProject "pokemongacha(swift)" */ = {
			isa = XCConfigurationList;
			buildConfigurations = (
				D6DC066E1AAC091A00855B26 /* Debug */,
				D6DC066F1AAC091A00855B26 /* Release */,
			);
			defaultConfigurationIsVisible = 0;
			defaultConfigurationName = Release;
		};
		D6DC06701AAC091A00855B26 /* Build configuration list for PBXNativeTarget "pokemongacha(swift)" */ = {
			isa = XCConfigurationList;
			buildConfigurations = (
				D6DC06711AAC091A00855B26 /* Debug */,
				D6DC06721AAC091A00855B26 /* Release */,
			);
			defaultConfigurationIsVisible = 0;
			defaultConfigurationName = Release;
		};
		D6DC06731AAC091A00855B26 /* Build configuration list for PBXNativeTarget "pokemongacha(swift)Tests" */ = {
			isa = XCConfigurationList;
			buildConfigurations = (
				D6DC06741AAC091A00855B26 /* Debug */,
				D6DC06751AAC091A00855B26 /* Release */,
			);
			defaultConfigurationIsVisible = 0;
			defaultConfigurationName = Release;
		};
/* End XCConfigurationList section */
	};
	rootObject = D6DC06491AAC091A00855B26 /* Project object */;
}
