// !$*UTF8*$!
{
	archiveVersion = 1;
	classes = {
	};
	objectVersion = 46;
	objects = {

/* Begin PBXBuildFile section */
		D6DC06571AAC091A00855B26 /* AppDelegate.swift in Sources */ = {isa = PBXBuildFile; fileRef = D6DC06561AAC091A00855B26 /* AppDelegate.swift */; };
		D6DC06591AAC091A00855B26 /* ViewController.swift in Sources */ = {isa = PBXBuildFile; fileRef = D6DC06581AAC091A00855B26 /* ViewController.swift */; };
		D6DC065C1AAC091A00855B26 /* Main.storyboard in Resources */ = {isa = PBXBuildFile; fileRef = D6DC065A1AAC091A00855B26 /* Main.storyboard */; };
		D6DC065E1AAC091A00855B26 /* Images.xcassets in Resources */ = {isa = PBXBuildFile; fileRef = D6DC065D1AAC091A00855B26 /* Images.xcassets */; };
		D6DC06611AAC091A00855B26 /* LaunchScreen.xib in Resources */ = {isa = PBXBuildFile; fileRef = D6DC065F1AAC091A00855B26 /* LaunchScreen.xib */; };
		D6DC066D1AAC091A00855B26 /* pokemongacha_swift_Tests.swift in Sources */ = {isa = PBXBuildFile; fileRef = D6DC066C1AAC091A00855B26 /* pokemongacha_swift_Tests.swift */; };
/* End PBXBuildFile section */

/* Begin PBXContainerItemProxy section */
		D6DC06671AAC091A00855B26 /* PBXContainerItemProxy */ = {
			isa = PBXContainerItemProxy;
			containerPortal = D6DC06491AAC091A00855B26 /* Project object */;
			proxyType = 1;
			remoteGlobalIDString = D6DC06501AAC091A00855B26;
			remoteInfo = "pokemongacha(swift)";
		};
/* End PBXContainerItemProxy section */

/* Begin PBXFileReference section */
		D6DC06511AAC091A00855B26 /* pokemongacha(swift).app */ = {isa = PBXFileReference; explicitFileType = wrapper.application; includeInIndex = 0; path = "pokemongacha(swift).app"; sourceTree = BUILT_PRODUCTS_DIR; };
		D6DC06551AAC091A00855B26 /* Info.plist */ = {isa = PBXFileReference; lastKnownFileType = text.plist.xml; path = Info.plist; sourceTree = "<group>"; };
		D6DC06561AAC091A00855B26 /* AppDelegate.swift */ = {isa = PBXFileReference; lastKnownFileType = sourcecode.swift; path = AppDelegate.swift; sourceTree = "<group>"; };
		D6DC06581AAC091A00855B26 /* ViewController.swift */ = {isa = PBXFileReference; lastKnownFileType = sourcecode.swift; path = ViewController.swift; sourceTree = "<group>"; };
		D6DC065B1AAC091A00855B26 /* Base */ = {isa = PBXFileReference; lastKnownFileType = file.storyboard; name = Base; path = Base.lproj/Main.storyboard; sourceTree = "<group>"; };
		D6DC065D1AAC091A00855B26 /* Images.xcassets */ = {isa = PBXFileReference; lastKnownFileType = folder.assetcatalog; path = Images.xcassets; sourceTree = "<group>"; };
		D6DC06601AAC091A00855B26 /* Base */ = {isa = PBXFileReference; lastKnownFileType = file.xib; name = Base; path = Base.lproj/LaunchScreen.xib; sourceTree = "<group>"; };
		D6DC06661AAC091A00855B26 /* pokemongacha(swift)Tests.xctest */ = {isa = PBXFileReference; explicitFileType = wrapper.cfbundle; includeInIndex = 0; path = "pokemongacha(swift)Tests.xctest"; sourceTree = BUILT_PRODUCTS_DIR; };
		D6DC066B1AAC091A00855B26 /* Info.plist */ = {isa = PBXFileReference; lastKnownFileType = text.plist.xml; path = Info.plist; sourceTree = "<group>"; };
		D6DC066C1AAC091A00855B26 /* pokemongacha_swift_Tests.swift */ = {isa = PBXFileReference; lastKnownFileType = sourcecode.swift; path = pokemongacha_swift_Tests.swift; sourceTree = "<group>"; };
/* End PBXFileReference section */

/* Begin PBXFrameworksBuildPhase section */
		D6DC064E1AAC091A00855B26 /* Frameworks */ = {
			isa = PBXFrameworksBuildPhase;
			buildActionMask = 2147483647;
			files = (
			);
			runOnlyForDeploymentPostprocessing = 0;
		};
		D6DC06631AAC091A00855B26 /* Frameworks */ = {
			isa = PBXFrameworksBuildPhase;
			buildActionMask = 2147483647;
			files = (
			);
			runOnlyForDeploymentPostprocessing = 0;
		};
/* End PBXFrameworksBuildPhase section */

/* Begin PBXGroup section */
		D6DC06481AAC091A00855B26 = {
			isa = PBXGroup;
			children = (
				D6DC06531AAC091A00855B26 /* pokemongacha(swift) */,
				D6DC06691AAC091A00855B26 /* pokemongacha(swift)Tests */,
				D6DC06521AAC091A00855B26 /* Products */,
			);
			sourceTree = "<group>";
		};
		D6DC06521AAC091A00855B26 /* Products */ = {
			isa = PBXGroup;
			children = (
				D6DC06511AAC091A00855B26 /* pokemongacha(swift).app */,
				D6DC06661AAC091A00855B26 /* pokemongacha(swift)Tests.xctest */,
			);
			name = Products;
			sourceTree = "<group>";
		};
		D6DC06531AAC091A00855B26 /* pokemongacha(swift) */ = {
			isa = PBXGroup;
			children = (
				D6DC06561AAC091A00855B26 /* AppDelegate.swift */,
				D6DC06581AAC091A00855B26 /* ViewController.swift */,
				D6DC065A1AAC091A00855B26 /* Main.storyboard */,
				D6DC065D1AAC091A00855B26 /* Images.xcassets */,
				D6DC065F1AAC091A00855B26 /* LaunchScreen.xib */,
				D6DC06541AAC091A00855B26 /* Supporting Files */,
			);
			path = "pokemongacha(swift)";
			sourceTree = "<group>";
		};
		D6DC06541AAC091A00855B26 /* Supporting Files */ = {
			isa = PBXGroup;
			children = (
				D6DC06551AAC091A00855B26 /* Info.plist */,
			);
			name = "Supporting Files";
			sourceTree = "<group>";
		};
		D6DC06691AAC091A00855B26 /* pokemongacha(swift)Tests */ = {
			isa = PBXGroup;
			children = (
				D6DC066C1AAC091A00855B26 /* pokemongacha_swift_Tests.swift */,
				D6DC066A1AAC091A00855B26 /* Supporting Files */,
			);
			path = "pokemongacha(swift)Tests";
			sourceTree = "<group>";
		};
		D6DC066A1AAC091A00855B26 /* Supporting Files */ = {
			isa = PBXGroup;
			children = (
				D6DC066B1AAC091A00855B26 /* Info.plist */,
			);
			name = "Supporting Files";
			sourceTree = "<group>";
		};
/* End PBXGroup section */

/* Begin PBXNativeTarget section */
		D6DC06501AAC091A00855B26 /* pokemongacha(swift) */ = {
			isa = PBXNativeTarget;
			buildConfigurationList = D6DC06701AAC091A00855B26 /* Build configuration list for PBXNativeTarget "pokemongacha(swift)" */;
			buildPhases = (
				D6DC064D1AAC091A00855B26 /* Sources */,
				D6DC064E1AAC091A00855B26 /* Frameworks */,
				D6DC064F1AAC091A00855B26 /* Resources */,
			);
			buildRules = (
			);
			dependencies = (
			);
			name = "pokemongacha(swift)";
			productName = "pokemongacha(swift)";
			productReference = D6DC06511AAC091A00855B26 /* pokemongacha(swift).app */;
			productType = "com.apple.product-type.application";
		};
		D6DC06651AAC091A00855B26 /* pokemongacha(swift)Tests */ = {
			isa = PBXNativeTarget;
			buildConfigurationList = D6DC06731AAC091A00855B26 /* Build configuration list for PBXNativeTarget "pokemongacha(swift)Tests" */;
			buildPhases = (
				D6DC06621AAC091A00855B26 /* Sources */,
				D6DC06631AAC091A00855B26 /* Frameworks */,
				D6DC06641AAC091A00855B26 /* Resources */,
			);
			buildRules = (
			);
			dependencies = (
				D6DC06681AAC091A00855B26 /* PBXTargetDependency */,
			);
			name = "pokemongacha(swift)Tests";
			productName = "pokemongacha(swift)Tests";
			productReference = D6DC06661AAC091A00855B26 /* pokemongacha(swift)Tests.xctest */;
			productType = "com.apple.product-type.bundle.unit-test";
		};
/* End PBXNativeTarget section */

/* Begin PBXProject section */
		D6DC06491AAC091A00855B26 /* Project object */ = {
			isa = PBXProject;
			attributes = {
				LastUpgradeCheck = 0610;
				ORGANIZATIONNAME = "Yuta Araki";
				TargetAttributes = {
					D6DC06501AAC091A00855B26 = {
						CreatedOnToolsVersion = 6.1.1;
					};
					D6DC06651AAC091A00855B26 = {
						CreatedOnToolsVersion = 6.1.1;
						TestTargetID = D6DC06501AAC091A00855B26;
					};
				};
			};
			buildConfigurationList = D6DC064C1AAC091A00855B26 /* Build configuration list for PBXProject "pokemongacha(swift)" */;
			compatibilityVersion = "Xcode 3.2";
			developmentRegion = English;
			hasScannedForEncodings = 0;
			knownRegions = (
				en,
				Base,
			);
			mainGroup = D6DC06481AAC091A00855B26;
			productRefGroup = D6DC06521AAC091A00855B26 /* Products */;
			projectDirPath = "";
			projectRoot = "";
			targets = (
				D6DC06501AAC091A00855B26 /* pokemongacha(swift) */,
				D6DC06651AAC091A00855B26 /* pokemongacha(swift)Tests */,
			);
		};
/* End PBXProject section */

/* Begin PBXResourcesBuildPhase section */
		D6DC064F1AAC091A00855B26 /* Resources */ = {
			isa = PBXResourcesBuildPhase;
			buildActionMask = 2147483647;
			files = (
				D6DC065C1AAC091A00855B26 /* Main.storyboard in Resources */,
				D6DC06611AAC091A00855B26 /* LaunchScreen.xib in Resources */,
				D6DC065E1AAC091A00855B26 /* Images.xcassets in Resources */,
			);
			runOnlyForDeploymentPostprocessing = 0;
		};
		D6DC06641AAC091A00855B26 /* Resources */ = {
			isa = PBXResourcesBuildPhase;
			buildActionMask = 2147483647;
			files = (
			);
			runOnlyForDeploymentPostprocessing = 0;
		};
/* End PBXResourcesBuildPhase section */

/* Begin PBXSourcesBuildPhase section */
		D6DC064D1AAC091A00855B26 /* Sources */ = {
			isa = PBXSourcesBuildPhase;
			buildActionMask = 2147483647;
			files = (
				D6DC06591AAC091A00855B26 /* ViewController.swift in Sources */,
				D6DC06571AAC091A00855B26 /* AppDelegate.swift in Sources */,
			);
			runOnlyForDeploymentPostprocessing = 0;
		};
		D6DC06621AAC091A00855B26 /* Sources */ = {
			isa = PBXSourcesBuildPhase;
			buildActionMask = 2147483647;
			files = (
				D6DC066D1AAC091A00855B26 /* pokemongacha_swift_Tests.swift in Sources */,
			);
			runOnlyForDeploymentPostprocessing = 0;
		};
/* End PBXSourcesBuildPhase section */

/* Begin PBXTargetDependency section */
		D6DC06681AAC091A00855B26 /* PBXTargetDependency */ = {
			isa = PBXTargetDependency;
			target = D6DC06501AAC091A00855B26 /* pokemongacha(swift) */;
			targetProxy = D6DC06671AAC091A00855B26 /* PBXContainerItemProxy */;
		};
/* End PBXTargetDependency section */

/* Begin PBXVariantGroup section */
		D6DC065A1AAC091A00855B26 /* Main.storyboard */ = {
			isa = PBXVariantGroup;
			children = (
				D6DC065B1AAC091A00855B26 /* Base */,
			);
			name = Main.storyboard;
			sourceTree = "<group>";
		};
		D6DC065F1AAC091A00855B26 /* LaunchScreen.xib */ = {
			isa = PBXVariantGroup;
			children = (
				D6DC06601AAC091A00855B26 /* Base */,
			);
			name = LaunchScreen.xib;
			sourceTree = "<group>";
		};
/* End PBXVariantGroup section */

/* Begin XCBuildConfiguration section */
		D6DC066E1AAC091A00855B26 /* Debug */ = {
			isa = XCBuildConfiguration;
			buildSettings = {
				ALWAYS_SEARCH_USER_PATHS = NO;
				CLANG_CXX_LANGUAGE_STANDARD = "gnu++0x";
				CLANG_CXX_LIBRARY = "libc++";
				CLANG_ENABLE_MODULES = YES;
				CLANG_ENABLE_OBJC_ARC = YES;
				CLANG_WARN_BOOL_CONVERSION = YES;
				CLANG_WARN_CONSTANT_CONVERSION = YES;
				CLANG_WARN_DIRECT_OBJC_ISA_USAGE = YES_ERROR;
				CLANG_WARN_EMPTY_BODY = YES;
				CLANG_WARN_ENUM_CONVERSION = YES;
				CLANG_WARN_INT_CONVERSION = YES;
				CLANG_WARN_OBJC_ROOT_CLASS = YES_ERROR;
				CLANG_WARN_UNREACHABLE_CODE = YES;
				CLANG_WARN__DUPLICATE_METHOD_MATCH = YES;
				"CODE_SIGN_IDENTITY[sdk=iphoneos*]" = "iPhone Developer";
				COPY_PHASE_STRIP = NO;
				ENABLE_STRICT_OBJC_MSGSEND = YES;
				GCC_C_LANGUAGE_STANDARD = gnu99;
				GCC_DYNAMIC_NO_PIC = NO;
				GCC_OPTIMIZATION_LEVEL = 0;
				GCC_PREPROCESSOR_DEFINITIONS = (
					"DEBUG=1",
					"$(inherited)",
				);
				GCC_SYMBOLS_PRIVATE_EXTERN = NO;
				GCC_WARN_64_TO_32_BIT_CONVERSION = YES;
				GCC_WARN_ABOUT_RETURN_TYPE = YES_ERROR;
				GCC_WARN_UNDECLARED_SELECTOR = YES;
				GCC_WARN_UNINITIALIZED_AUTOS = YES_AGGRESSIVE;
				GCC_WARN_UNUSED_FUNCTION = YES;
				GCC_WARN_UNUSED_VARIABLE = YES;
				IPHONEOS_DEPLOYMENT_TARGET = 8.1;
				MTL_ENABLE_DEBUG_INFO = YES;
				ONLY_ACTIVE_ARCH = YES;
				SDKROOT = iphoneos;
				SWIFT_OPTIMIZATION_LEVEL = "-Onone";
			};
			name = Debug;
		};
		D6DC066F1AAC091A00855B26 /* Release */ = {
			isa = XCBuildConfiguration;
			buildSettings = {
				ALWAYS_SEARCH_USER_PATHS = NO;
				CLANG_CXX_LANGUAGE_STANDARD = "gnu++0x";
				CLANG_CXX_LIBRARY = "libc++";
				CLANG_ENABLE_MODULES = YES;
				CLANG_ENABLE_OBJC_ARC = YES;
				CLANG_WARN_BOOL_CONVERSION = YES;
				CLANG_WARN_CONSTANT_CONVERSION = YES;
				CLANG_WARN_DIRECT_OBJC_ISA_USAGE = YES_ERROR;
				CLANG_WARN_EMPTY_BODY = YES;
				CLANG_WARN_ENUM_CONVERSION = YES;
				CLANG_WARN_INT_CONVERSION = YES;
				CLANG_WARN_OBJC_ROOT_CLASS = YES_ERROR;
				CLANG_WARN_UNREACHABLE_CODE = YES;
				CLANG_WARN__DUPLICATE_METHOD_MATCH = YES;
				"CODE_SIGN_IDENTITY[sdk=iphoneos*]" = "iPhone Developer";
				COPY_PHASE_STRIP = YES;
				ENABLE_NS_ASSERTIONS = NO;
				ENABLE_STRICT_OBJC_MSGSEND = YES;
				GCC_C_LANGUAGE_STANDARD = gnu99;
				GCC_WARN_64_TO_32_BIT_CONVERSION = YES;
				GCC_WARN_ABOUT_RETURN_TYPE = YES_ERROR;
				GCC_WARN_UNDECLARED_SELECTOR = YES;
				GCC_WARN_UNINITIALIZED_AUTOS = YES_AGGRESSIVE;
				GCC_WARN_UNUSED_FUNCTION = YES;
				GCC_WARN_UNUSED_VARIABLE = YES;
				IPHONEOS_DEPLOYMENT_TARGET = 8.1;
				MTL_ENABLE_DEBUG_INFO = NO;
				SDKROOT = iphoneos;
				VALIDATE_PRODUCT = YES;
			};
			name = Release;
		};
		D6DC06711AAC091A00855B26 /* Debug */ = {
			isa = XCBuildConfiguration;
			buildSettings = {
				ASSETCATALOG_COMPILER_APPICON_NAME = AppIcon;
				INFOPLIST_FILE = "pokemongacha(swift)/Info.plist";
				LD_RUNPATH_SEARCH_PATHS = "$(inherited) @executable_path/Frameworks";
				PRODUCT_NAME = "$(TARGET_NAME)";
			};
			name = Debug;
		};
		D6DC06721AAC091A00855B26 /* Release */ = {
			isa = XCBuildConfiguration;
			buildSettings = {
				ASSETCATALOG_COMPILER_APPICON_NAME = AppIcon;
				INFOPLIST_FILE = "pokemongacha(swift)/Info.plist";
				LD_RUNPATH_SEARCH_PATHS = "$(inherited) @executable_path/Frameworks";
				PRODUCT_NAME = "$(TARGET_NAME)";
			};
			name = Release;
		};
		D6DC06741AAC091A00855B26 /* Debug */ = {
			isa = XCBuildConfiguration;
			buildSettings = {
				BUNDLE_LOADER = "$(TEST_HOST)";
				FRAMEWORK_SEARCH_PATHS = (
					"$(SDKROOT)/Developer/Library/Frameworks",
					"$(inherited)",
				);
				GCC_PREPROCESSOR_DEFINITIONS = (
					"DEBUG=1",
					"$(inherited)",
				);
				INFOPLIST_FILE = "pokemongacha(swift)Tests/Info.plist";
				LD_RUNPATH_SEARCH_PATHS = "$(inherited) @executable_path/Frameworks @loader_path/Frameworks";
				PRODUCT_NAME = "$(TARGET_NAME)";
				TEST_HOST = "$(BUILT_PRODUCTS_DIR)/pokemongacha(swift).app/pokemongacha(swift)";
			};
			name = Debug;
		};
		D6DC06751AAC091A00855B26 /* Release */ = {
			isa = XCBuildConfiguration;
			buildSettings = {
				BUNDLE_LOADER = "$(TEST_HOST)";
				FRAMEWORK_SEARCH_PATHS = (
					"$(SDKROOT)/Developer/Library/Frameworks",
					"$(inherited)",
				);
				INFOPLIST_FILE = "pokemongacha(swift)Tests/Info.plist";
				LD_RUNPATH_SEARCH_PATHS = "$(inherited) @executable_path/Frameworks @loader_path/Frameworks";
				PRODUCT_NAME = "$(TARGET_NAME)";
				TEST_HOST = "$(BUILT_PRODUCTS_DIR)/pokemongacha(swift).app/pokemongacha(swift)";
			};
			name = Release;
		};
/* End XCBuildConfiguration section */

/* Begin XCConfigurationList section */
		D6DC064C1AAC091A00855B26 /* Build configuration list for PBXProject "pokemongacha(swift)" */ = {
			isa = XCConfigurationList;
			buildConfigurations = (
				D6DC066E1AAC091A00855B26 /* Debug */,
				D6DC066F1AAC091A00855B26 /* Release */,
			);
			defaultConfigurationIsVisible = 0;
			defaultConfigurationName = Release;
		};
		D6DC06701AAC091A00855B26 /* Build configuration list for PBXNativeTarget "pokemongacha(swift)" */ = {
			isa = XCConfigurationList;
			buildConfigurations = (
				D6DC06711AAC091A00855B26 /* Debug */,
				D6DC06721AAC091A00855B26 /* Release */,
			);
			defaultConfigurationIsVisible = 0;
		};
		D6DC06731AAC091A00855B26 /* Build configuration list for PBXNativeTarget "pokemongacha(swift)Tests" */ = {
			isa = XCConfigurationList;
			buildConfigurations = (
				D6DC06741AAC091A00855B26 /* Debug */,
				D6DC06751AAC091A00855B26 /* Release */,
			);
			defaultConfigurationIsVisible = 0;
		};
/* End XCConfigurationList section */
	};
	rootObject = D6DC06491AAC091A00855B26 /* Project object */;
}
